{
  "version": 4,
  "terraform_version": "1.14.1",
  "serial": 89,
  "lineage": "0ec9798b-48b2-fa8c-d726-19eb48185683",
  "outputs": {
    "app_service_account_emails": {
      "value": {
        "prod": "do-aiparser-app@work-mylab-machinelearning.iam.gserviceaccount.com",
        "staging": "do-aiparser-app@work-mylab-machinelearning.iam.gserviceaccount.com"
      },
      "type": [
        "object",
        {
          "prod": "string",
          "staging": "string"
        }
      ]
    },
    "artifact_registry_repository": {
      "value": "do-aiparser-repo",
      "type": "string"
    },
    "cicd_runner_service_account_email": {
      "value": "do-aiparser-cb@work-mylab-machinelearning.iam.gserviceaccount.com",
      "type": "string"
    },
    "cloud_run_service_names": {
      "value": {
        "prod": "do-aiparser",
        "staging": "do-aiparser"
      },
      "type": [
        "object",
        {
          "prod": "string",
          "staging": "string"
        }
      ]
    },
    "logs_bucket_names": {
      "value": {
        "work-mylab-machinelearning": "work-mylab-machinelearning-do-aiparser-logs"
      },
      "type": [
        "object",
        {
          "work-mylab-machinelearning": "string"
        }
      ]
    },
    "telemetry_bigquery_connection_id": {
      "value": {
        "prod": "do-aiparser-genai-telemetry",
        "staging": "do-aiparser-genai-telemetry"
      },
      "type": [
        "object",
        {
          "prod": "string",
          "staging": "string"
        }
      ]
    },
    "telemetry_dataset_id": {
      "value": {
        "prod": "do_aiparser_telemetry",
        "staging": "do_aiparser_telemetry"
      },
      "type": [
        "object",
        {
          "prod": "string",
          "staging": "string"
        }
      ]
    }
  },
  "resources": [
    {
      "mode": "data",
      "type": "github_repository",
      "name": "existing_repo",
      "provider": "provider[\"registry.terraform.io/integrations/github\"]",
      "instances": [
        {
          "index_key": 0,
          "schema_version": 0,
          "attributes": {
            "allow_auto_merge": null,
            "allow_merge_commit": null,
            "allow_rebase_merge": null,
            "allow_squash_merge": null,
            "allow_update_branch": null,
            "archived": null,
            "default_branch": null,
            "delete_branch_on_merge": null,
            "description": null,
            "fork": null,
            "full_name": null,
            "git_clone_url": null,
            "has_discussions": null,
            "has_downloads": null,
            "has_issues": null,
            "has_projects": null,
            "has_wiki": null,
            "homepage_url": null,
            "html_url": null,
            "http_clone_url": null,
            "id": null,
            "is_template": null,
            "merge_commit_message": null,
            "merge_commit_title": null,
            "name": null,
            "node_id": null,
            "pages": null,
            "primary_language": null,
            "private": null,
            "repo_id": null,
            "repository_license": null,
            "squash_merge_commit_message": null,
            "squash_merge_commit_title": null,
            "ssh_clone_url": null,
            "svn_url": null,
            "template": null,
            "topics": null,
            "visibility": null
          },
          "sensitive_attributes": [],
          "identity_schema_version": 0
        }
      ]
    },
    {
      "mode": "data",
      "type": "google_project",
      "name": "cicd_project",
      "provider": "provider[\"registry.terraform.io/hashicorp/google\"]",
      "instances": [
        {
          "schema_version": 0,
          "attributes": {
            "auto_create_network": null,
            "billing_account": "01D920-A90EFC-E7459C",
            "deletion_policy": "PREVENT",
            "effective_labels": {
              "firebase": "enabled",
              "generative-language": "enabled",
              "migration-center-store-region": "us-central1"
            },
            "folder_id": "929795737799",
            "id": "projects/work-mylab-machinelearning",
            "labels": {
              "firebase": "enabled",
              "generative-language": "enabled",
              "migration-center-store-region": "us-central1"
            },
            "name": "work-mylab-machinelearning",
            "number": "388889235558",
            "org_id": "",
            "project_id": "work-mylab-machinelearning",
            "tags": null,
            "terraform_labels": {
              "firebase": "enabled",
              "generative-language": "enabled",
              "migration-center-store-region": "us-central1"
            }
          },
          "sensitive_attributes": [],
          "identity_schema_version": 0
        }
      ]
    },
    {
      "mode": "data",
      "type": "google_project",
      "name": "project",
      "provider": "provider[\"registry.terraform.io/hashicorp/google\"]",
      "instances": [
        {
          "index_key": "prod",
          "schema_version": 0,
          "attributes": {
            "auto_create_network": null,
            "billing_account": "01D920-A90EFC-E7459C",
            "deletion_policy": "PREVENT",
            "effective_labels": {
              "firebase": "enabled",
              "generative-language": "enabled",
              "migration-center-store-region": "us-central1"
            },
            "folder_id": "929795737799",
            "id": "projects/work-mylab-machinelearning",
            "labels": {
              "firebase": "enabled",
              "generative-language": "enabled",
              "migration-center-store-region": "us-central1"
            },
            "name": "work-mylab-machinelearning",
            "number": "388889235558",
            "org_id": "",
            "project_id": "work-mylab-machinelearning",
            "tags": null,
            "terraform_labels": {
              "firebase": "enabled",
              "generative-language": "enabled",
              "migration-center-store-region": "us-central1"
            }
          },
          "sensitive_attributes": [],
          "identity_schema_version": 0
        },
        {
          "index_key": "staging",
          "schema_version": 0,
          "attributes": {
            "auto_create_network": null,
            "billing_account": "01D920-A90EFC-E7459C",
            "deletion_policy": "PREVENT",
            "effective_labels": {
              "firebase": "enabled",
              "generative-language": "enabled",
              "migration-center-store-region": "us-central1"
            },
            "folder_id": "929795737799",
            "id": "projects/work-mylab-machinelearning",
            "labels": {
              "firebase": "enabled",
              "generative-language": "enabled",
              "migration-center-store-region": "us-central1"
            },
            "name": "work-mylab-machinelearning",
            "number": "388889235558",
            "org_id": "",
            "project_id": "work-mylab-machinelearning",
            "tags": null,
            "terraform_labels": {
              "firebase": "enabled",
              "generative-language": "enabled",
              "migration-center-store-region": "us-central1"
            }
          },
          "sensitive_attributes": [],
          "identity_schema_version": 0
        }
      ]
    },
    {
      "mode": "data",
      "type": "google_project",
      "name": "projects",
      "provider": "provider[\"registry.terraform.io/hashicorp/google\"]",
      "instances": [
        {
          "index_key": "prod",
          "schema_version": 0,
          "attributes": {
            "auto_create_network": null,
            "billing_account": "01D920-A90EFC-E7459C",
            "deletion_policy": "PREVENT",
            "effective_labels": {
              "firebase": "enabled",
              "generative-language": "enabled",
              "migration-center-store-region": "us-central1"
            },
            "folder_id": "929795737799",
            "id": "projects/work-mylab-machinelearning",
            "labels": {
              "firebase": "enabled",
              "generative-language": "enabled",
              "migration-center-store-region": "us-central1"
            },
            "name": "work-mylab-machinelearning",
            "number": "388889235558",
            "org_id": "",
            "project_id": "work-mylab-machinelearning",
            "tags": null,
            "terraform_labels": {
              "firebase": "enabled",
              "generative-language": "enabled",
              "migration-center-store-region": "us-central1"
            }
          },
          "sensitive_attributes": [],
          "identity_schema_version": 0
        },
        {
          "index_key": "staging",
          "schema_version": 0,
          "attributes": {
            "auto_create_network": null,
            "billing_account": "01D920-A90EFC-E7459C",
            "deletion_policy": "PREVENT",
            "effective_labels": {
              "firebase": "enabled",
              "generative-language": "enabled",
              "migration-center-store-region": "us-central1"
            },
            "folder_id": "929795737799",
            "id": "projects/work-mylab-machinelearning",
            "labels": {
              "firebase": "enabled",
              "generative-language": "enabled",
              "migration-center-store-region": "us-central1"
            },
            "name": "work-mylab-machinelearning",
            "number": "388889235558",
            "org_id": "",
            "project_id": "work-mylab-machinelearning",
            "tags": null,
            "terraform_labels": {
              "firebase": "enabled",
              "generative-language": "enabled",
              "migration-center-store-region": "us-central1"
            }
          },
          "sensitive_attributes": [],
          "identity_schema_version": 0
        }
      ]
    },
    {
      "mode": "managed",
      "type": "github_repository",
      "name": "repo",
      "provider": "provider[\"registry.terraform.io/integrations/github\"]",
      "instances": []
    },
    {
      "mode": "managed",
      "type": "google_artifact_registry_repository",
      "name": "repo-artifacts-genai",
      "provider": "provider[\"registry.terraform.io/hashicorp/google\"]",
      "instances": [
        {
          "schema_version": 0,
          "attributes": {
            "cleanup_policies": [],
            "cleanup_policy_dry_run": false,
            "create_time": "2026-05-04T09:21:48.522676Z",
            "description": "Repo for Generative AI applications",
            "docker_config": [],
            "effective_labels": {
              "goog-terraform-provisioned": "true"
            },
            "format": "DOCKER",
            "id": "projects/work-mylab-machinelearning/locations/us-central1/repositories/do-aiparser-repo",
            "kms_key_name": "",
            "labels": null,
            "location": "us-central1",
            "maven_config": [],
            "mode": "STANDARD_REPOSITORY",
            "name": "do-aiparser-repo",
            "project": "work-mylab-machinelearning",
            "registry_uri": "us-central1-docker.pkg.dev/work-mylab-machinelearning/do-aiparser-repo",
            "remote_repository_config": [],
            "repository_id": "do-aiparser-repo",
            "terraform_labels": {
              "goog-terraform-provisioned": "true"
            },
            "timeouts": null,
            "update_time": "2026-05-04T09:21:48.522676Z",
            "virtual_repository_config": [],
            "vulnerability_scanning_config": [
              {
                "enablement_config": "",
                "enablement_state": "SCANNING_ACTIVE",
                "enablement_state_reason": ""
              }
            ]
          },
          "sensitive_attributes": [],
          "identity_schema_version": 0,
          "private": "eyJlMmJmYjczMC1lY2FhLTExZTYtOGY4OC0zNDM2M2JjN2M0YzAiOnsiY3JlYXRlIjoxMjAwMDAwMDAwMDAwLCJkZWxldGUiOjEyMDAwMDAwMDAwMDAsInVwZGF0ZSI6MTIwMDAwMDAwMDAwMH19",
          "dependencies": [
            "google_project_service.cicd_services",
            "google_project_service.deploy_project_services"
          ]
        }
      ]
    },
    {
      "mode": "managed",
      "type": "google_bigquery_connection",
      "name": "genai_telemetry_connection",
      "provider": "provider[\"registry.terraform.io/hashicorp/google\"]",
      "instances": [
        {
          "index_key": "prod",
          "schema_version": 0,
          "attributes": {
            "aws": [],
            "azure": [],
            "cloud_resource": [
              {
                "service_account_id": "bqcx-388889235558-ax59@gcp-sa-bigquery-condel.iam.gserviceaccount.com"
              }
            ],
            "cloud_spanner": [],
            "cloud_sql": [],
            "connection_id": "do-aiparser-genai-telemetry",
            "description": "",
            "friendly_name": "do-aiparser GenAI Telemetry Connection",
            "has_credential": false,
            "id": "projects/work-mylab-machinelearning/locations/us-central1/connections/do-aiparser-genai-telemetry",
            "kms_key_name": "",
            "location": "us-central1",
            "name": "projects/388889235558/locations/us-central1/connections/do-aiparser-genai-telemetry",
            "project": "work-mylab-machinelearning",
            "spark": [],
            "timeouts": null
          },
          "sensitive_attributes": [],
          "identity_schema_version": 0,
          "private": "eyJlMmJmYjczMC1lY2FhLTExZTYtOGY4OC0zNDM2M2JjN2M0YzAiOnsiY3JlYXRlIjoxMjAwMDAwMDAwMDAwLCJkZWxldGUiOjEyMDAwMDAwMDAwMDAsInVwZGF0ZSI6MTIwMDAwMDAwMDAwMH19",
          "dependencies": [
            "google_project_service.cicd_services",
            "google_project_service.deploy_project_services"
          ]
        }
      ]
    },
    {
      "mode": "managed",
      "type": "google_bigquery_dataset",
      "name": "telemetry_dataset",
      "provider": "provider[\"registry.terraform.io/hashicorp/google\"]",
      "instances": [
        {
          "index_key": "staging",
          "schema_version": 0,
          "attributes": {
            "access": [
              {
                "condition": [],
                "dataset": [],
                "domain": "",
                "group_by_email": "",
                "iam_member": "",
                "role": "OWNER",
                "routine": [],
                "special_group": "",
                "user_by_email": "admin@priyambodo.altostrat.com",
                "view": []
              },
              {
                "condition": [],
                "dataset": [],
                "domain": "",
                "group_by_email": "",
                "iam_member": "",
                "role": "OWNER",
                "routine": [],
                "special_group": "projectOwners",
                "user_by_email": "",
                "view": []
              },
              {
                "condition": [],
                "dataset": [],
                "domain": "",
                "group_by_email": "",
                "iam_member": "",
                "role": "READER",
                "routine": [],
                "special_group": "projectReaders",
                "user_by_email": "",
                "view": []
              },
              {
                "condition": [],
                "dataset": [],
                "domain": "",
                "group_by_email": "",
                "iam_member": "",
                "role": "WRITER",
                "routine": [],
                "special_group": "projectWriters",
                "user_by_email": "",
                "view": []
              }
            ],
            "creation_time": 1777886509328,
            "dataset_id": "do_aiparser_telemetry",
            "default_collation": "",
            "default_encryption_configuration": [],
            "default_partition_expiration_ms": 0,
            "default_table_expiration_ms": 0,
            "delete_contents_on_destroy": false,
            "description": "Dataset for GenAI telemetry data stored in GCS",
            "effective_labels": {
              "goog-terraform-provisioned": "true"
            },
            "etag": "2Yc+l8ECI2AoNSsTOywE5w==",
            "external_catalog_dataset_options": [],
            "external_dataset_reference": [],
            "friendly_name": "do-aiparser Telemetry",
            "id": "projects/work-mylab-machinelearning/datasets/do_aiparser_telemetry",
            "is_case_insensitive": false,
            "labels": null,
            "last_modified_time": 1777886509328,
            "location": "us-central1",
            "max_time_travel_hours": "168",
            "project": "work-mylab-machinelearning",
            "resource_tags": null,
            "self_link": "https://bigquery.googleapis.com/bigquery/v2/projects/work-mylab-machinelearning/datasets/do_aiparser_telemetry",
            "storage_billing_model": "",
            "terraform_labels": {
              "goog-terraform-provisioned": "true"
            },
            "timeouts": null
          },
          "sensitive_attributes": [],
          "identity_schema_version": 0,
          "private": "eyJlMmJmYjczMC1lY2FhLTExZTYtOGY4OC0zNDM2M2JjN2M0YzAiOnsiY3JlYXRlIjoxMjAwMDAwMDAwMDAwLCJkZWxldGUiOjEyMDAwMDAwMDAwMDAsInVwZGF0ZSI6MTIwMDAwMDAwMDAwMH19",
          "dependencies": [
            "google_project_service.cicd_services",
            "google_project_service.deploy_project_services"
          ]
        }
      ]
    },
    {
      "mode": "managed",
      "type": "google_iam_workload_identity_pool",
      "name": "github_pool",
      "provider": "provider[\"registry.terraform.io/hashicorp/google\"]",
      "instances": [
        {
          "schema_version": 0,
          "attributes": {
            "description": "",
            "disabled": false,
            "display_name": "GitHub Actions Pool",
            "id": "projects/work-mylab-machinelearning/locations/global/workloadIdentityPools/do-aiparser-pool",
            "name": "projects/388889235558/locations/global/workloadIdentityPools/do-aiparser-pool",
            "project": "work-mylab-machinelearning",
            "state": "ACTIVE",
            "timeouts": null,
            "workload_identity_pool_id": "do-aiparser-pool"
          },
          "sensitive_attributes": [],
          "identity_schema_version": 0,
          "private": "eyJlMmJmYjczMC1lY2FhLTExZTYtOGY4OC0zNDM2M2JjN2M0YzAiOnsiY3JlYXRlIjoxMjAwMDAwMDAwMDAwLCJkZWxldGUiOjEyMDAwMDAwMDAwMDAsInVwZGF0ZSI6MTIwMDAwMDAwMDAwMH19",
          "dependencies": [
            "google_project_service.cicd_services",
            "google_project_service.deploy_project_services"
          ]
        }
      ]
    },
    {
      "mode": "managed",
      "type": "google_iam_workload_identity_pool_provider",
      "name": "github_provider",
      "provider": "provider[\"registry.terraform.io/hashicorp/google\"]",
      "instances": [
        {
          "schema_version": 0,
          "attributes": {
            "attribute_condition": "attribute.repository == 'do-priyambodo/do-aiparser'",
            "attribute_mapping": {
              "attribute.repository": "assertion.repository",
              "attribute.repository_owner": "assertion.repository_owner",
              "google.subject": "assertion.sub"
            },
            "aws": [],
            "description": "",
            "disabled": false,
            "display_name": "GitHub OIDC Provider",
            "id": "projects/work-mylab-machinelearning/locations/global/workloadIdentityPools/do-aiparser-pool/providers/do-aiparser-oidc",
            "name": "projects/388889235558/locations/global/workloadIdentityPools/do-aiparser-pool/providers/do-aiparser-oidc",
            "oidc": [
              {
                "allowed_audiences": null,
                "issuer_uri": "https://token.actions.githubusercontent.com",
                "jwks_json": ""
              }
            ],
            "project": "work-mylab-machinelearning",
            "saml": [],
            "state": "ACTIVE",
            "timeouts": null,
            "workload_identity_pool_id": "do-aiparser-pool",
            "workload_identity_pool_provider_id": "do-aiparser-oidc",
            "x509": []
          },
          "sensitive_attributes": [],
          "identity_schema_version": 0,
          "private": "eyJlMmJmYjczMC1lY2FhLTExZTYtOGY4OC0zNDM2M2JjN2M0YzAiOnsiY3JlYXRlIjoxMjAwMDAwMDAwMDAwLCJkZWxldGUiOjEyMDAwMDAwMDAwMDAsInVwZGF0ZSI6MTIwMDAwMDAwMDAwMH19",
          "dependencies": [
            "google_iam_workload_identity_pool.github_pool",
            "google_project_service.cicd_services",
            "google_project_service.deploy_project_services"
          ]
        }
      ]
    },
    {
      "mode": "managed",
      "type": "google_project_iam_member",
      "name": "cicd_project_roles",
      "provider": "provider[\"registry.terraform.io/hashicorp/google\"]",
      "instances": [
        {
          "index_key": "roles/aiplatform.user",
          "schema_version": 0,
          "attributes": {
            "condition": [],
            "etag": "BwZQ+nevmKc=",
            "id": "work-mylab-machinelearning/roles/aiplatform.user/serviceAccount:do-aiparser-cb@work-mylab-machinelearning.iam.gserviceaccount.com",
            "member": "serviceAccount:do-aiparser-cb@work-mylab-machinelearning.iam.gserviceaccount.com",
            "project": "work-mylab-machinelearning",
            "role": "roles/aiplatform.user"
          },
          "sensitive_attributes": [],
          "identity_schema_version": 0,
          "private": "bnVsbA==",
          "dependencies": [
            "google_project_service.cicd_services",
            "google_project_service.deploy_project_services",
            "google_service_account.cicd_runner_sa"
          ]
        },
        {
          "index_key": "roles/artifactregistry.writer",
          "schema_version": 0,
          "attributes": {
            "condition": [],
            "etag": "BwZQ+nevmKc=",
            "id": "work-mylab-machinelearning/roles/artifactregistry.writer/serviceAccount:do-aiparser-cb@work-mylab-machinelearning.iam.gserviceaccount.com",
            "member": "serviceAccount:do-aiparser-cb@work-mylab-machinelearning.iam.gserviceaccount.com",
            "project": "work-mylab-machinelearning",
            "role": "roles/artifactregistry.writer"
          },
          "sensitive_attributes": [],
          "identity_schema_version": 0,
          "private": "bnVsbA==",
          "dependencies": [
            "google_project_service.cicd_services",
            "google_project_service.deploy_project_services",
            "google_service_account.cicd_runner_sa"
          ]
        },
        {
          "index_key": "roles/cloudbuild.builds.builder",
          "schema_version": 0,
          "attributes": {
            "condition": [],
            "etag": "BwZQ+nevmKc=",
            "id": "work-mylab-machinelearning/roles/cloudbuild.builds.builder/serviceAccount:do-aiparser-cb@work-mylab-machinelearning.iam.gserviceaccount.com",
            "member": "serviceAccount:do-aiparser-cb@work-mylab-machinelearning.iam.gserviceaccount.com",
            "project": "work-mylab-machinelearning",
            "role": "roles/cloudbuild.builds.builder"
          },
          "sensitive_attributes": [],
          "identity_schema_version": 0,
          "private": "bnVsbA==",
          "dependencies": [
            "google_project_service.cicd_services",
            "google_project_service.deploy_project_services",
            "google_service_account.cicd_runner_sa"
          ]
        },
        {
          "index_key": "roles/cloudtrace.agent",
          "schema_version": 0,
          "attributes": {
            "condition": [],
            "etag": "BwZQ+nf4QTs=",
            "id": "work-mylab-machinelearning/roles/cloudtrace.agent/serviceAccount:do-aiparser-cb@work-mylab-machinelearning.iam.gserviceaccount.com",
            "member": "serviceAccount:do-aiparser-cb@work-mylab-machinelearning.iam.gserviceaccount.com",
            "project": "work-mylab-machinelearning",
            "role": "roles/cloudtrace.agent"
          },
          "sensitive_attributes": [],
          "identity_schema_version": 0,
          "private": "bnVsbA==",
          "dependencies": [
            "google_project_service.cicd_services",
            "google_project_service.deploy_project_services",
            "google_service_account.cicd_runner_sa"
          ]
        },
        {
          "index_key": "roles/logging.logWriter",
          "schema_version": 0,
          "attributes": {
            "condition": [],
            "etag": "BwZQ+nevmKc=",
            "id": "work-mylab-machinelearning/roles/logging.logWriter/serviceAccount:do-aiparser-cb@work-mylab-machinelearning.iam.gserviceaccount.com",
            "member": "serviceAccount:do-aiparser-cb@work-mylab-machinelearning.iam.gserviceaccount.com",
            "project": "work-mylab-machinelearning",
            "role": "roles/logging.logWriter"
          },
          "sensitive_attributes": [],
          "identity_schema_version": 0,
          "private": "bnVsbA==",
          "dependencies": [
            "google_project_service.cicd_services",
            "google_project_service.deploy_project_services",
            "google_service_account.cicd_runner_sa"
          ]
        },
        {
          "index_key": "roles/run.invoker",
          "schema_version": 0,
          "attributes": {
            "condition": [],
            "etag": "BwZQ+nevmKc=",
            "id": "work-mylab-machinelearning/roles/run.invoker/serviceAccount:do-aiparser-cb@work-mylab-machinelearning.iam.gserviceaccount.com",
            "member": "serviceAccount:do-aiparser-cb@work-mylab-machinelearning.iam.gserviceaccount.com",
            "project": "work-mylab-machinelearning",
            "role": "roles/run.invoker"
          },
          "sensitive_attributes": [],
          "identity_schema_version": 0,
          "private": "bnVsbA==",
          "dependencies": [
            "google_project_service.cicd_services",
            "google_project_service.deploy_project_services",
            "google_service_account.cicd_runner_sa"
          ]
        },
        {
          "index_key": "roles/storage.admin",
          "schema_version": 0,
          "attributes": {
            "condition": [],
            "etag": "BwZQ+nevmKc=",
            "id": "work-mylab-machinelearning/roles/storage.admin/serviceAccount:do-aiparser-cb@work-mylab-machinelearning.iam.gserviceaccount.com",
            "member": "serviceAccount:do-aiparser-cb@work-mylab-machinelearning.iam.gserviceaccount.com",
            "project": "work-mylab-machinelearning",
            "role": "roles/storage.admin"
          },
          "sensitive_attributes": [],
          "identity_schema_version": 0,
          "private": "bnVsbA==",
          "dependencies": [
            "google_project_service.cicd_services",
            "google_project_service.deploy_project_services",
            "google_service_account.cicd_runner_sa"
          ]
        }
      ]
    },
    {
      "mode": "managed",
      "type": "google_project_iam_member",
      "name": "cicd_run_invoker_artifact_registry_reader",
      "provider": "provider[\"registry.terraform.io/hashicorp/google\"]",
      "instances": [
        {
          "index_key": "prod",
          "schema_version": 0,
          "attributes": {
            "condition": [],
            "etag": "BwZQ+nX0sQY=",
            "id": "work-mylab-machinelearning/roles/artifactregistry.reader/serviceAccount:service-388889235558@serverless-robot-prod.iam.gserviceaccount.com",
            "member": "serviceAccount:service-388889235558@serverless-robot-prod.iam.gserviceaccount.com",
            "project": "work-mylab-machinelearning",
            "role": "roles/artifactregistry.reader"
          },
          "sensitive_attributes": [],
          "identity_schema_version": 0,
          "private": "bnVsbA==",
          "dependencies": [
            "data.google_project.projects",
            "google_project_service.cicd_services",
            "google_project_service.deploy_project_services"
          ]
        },
        {
          "index_key": "staging",
          "schema_version": 0,
          "attributes": {
            "condition": [],
            "etag": "BwZQ+nX0sQY=",
            "id": "work-mylab-machinelearning/roles/artifactregistry.reader/serviceAccount:service-388889235558@serverless-robot-prod.iam.gserviceaccount.com",
            "member": "serviceAccount:service-388889235558@serverless-robot-prod.iam.gserviceaccount.com",
            "project": "work-mylab-machinelearning",
            "role": "roles/artifactregistry.reader"
          },
          "sensitive_attributes": [],
          "identity_schema_version": 0,
          "private": "bnVsbA==",
          "dependencies": [
            "data.google_project.projects",
            "google_project_service.cicd_services",
            "google_project_service.deploy_project_services"
          ]
        }
      ]
    },
    {
      "mode": "managed",
      "type": "google_project_iam_member",
      "name": "other_projects_roles",
      "provider": "provider[\"registry.terraform.io/hashicorp/google\"]",
      "instances": [
        {
          "index_key": "prod-roles/aiplatform.user",
          "schema_version": 0,
          "attributes": {
            "condition": [],
            "etag": "BwZQ+nh9hQM=",
            "id": "work-mylab-machinelearning/roles/aiplatform.user/serviceAccount:do-aiparser-cb@work-mylab-machinelearning.iam.gserviceaccount.com",
            "member": "serviceAccount:do-aiparser-cb@work-mylab-machinelearning.iam.gserviceaccount.com",
            "project": "work-mylab-machinelearning",
            "role": "roles/aiplatform.user"
          },
          "sensitive_attributes": [],
          "identity_schema_version": 0,
          "private": "bnVsbA==",
          "dependencies": [
            "google_project_service.cicd_services",
            "google_project_service.deploy_project_services",
            "google_service_account.cicd_runner_sa"
          ]
        },
        {
          "index_key": "prod-roles/artifactregistry.writer",
          "schema_version": 0,
          "attributes": {
            "condition": [],
            "etag": "BwZQ+nkMsyA=",
            "id": "work-mylab-machinelearning/roles/artifactregistry.writer/serviceAccount:do-aiparser-cb@work-mylab-machinelearning.iam.gserviceaccount.com",
            "member": "serviceAccount:do-aiparser-cb@work-mylab-machinelearning.iam.gserviceaccount.com",
            "project": "work-mylab-machinelearning",
            "role": "roles/artifactregistry.writer"
          },
          "sensitive_attributes": [],
          "identity_schema_version": 0,
          "private": "bnVsbA==",
          "dependencies": [
            "google_project_service.cicd_services",
            "google_project_service.deploy_project_services",
            "google_service_account.cicd_runner_sa"
          ]
        },
        {
          "index_key": "prod-roles/iam.serviceAccountUser",
          "schema_version": 0,
          "attributes": {
            "condition": [],
            "etag": "BwZQ+ng9Nms=",
            "id": "work-mylab-machinelearning/roles/iam.serviceAccountUser/serviceAccount:do-aiparser-cb@work-mylab-machinelearning.iam.gserviceaccount.com",
            "member": "serviceAccount:do-aiparser-cb@work-mylab-machinelearning.iam.gserviceaccount.com",
            "project": "work-mylab-machinelearning",
            "role": "roles/iam.serviceAccountUser"
          },
          "sensitive_attributes": [],
          "identity_schema_version": 0,
          "private": "bnVsbA==",
          "dependencies": [
            "google_project_service.cicd_services",
            "google_project_service.deploy_project_services",
            "google_service_account.cicd_runner_sa"
          ]
        },
        {
          "index_key": "prod-roles/run.developer",
          "schema_version": 0,
          "attributes": {
            "condition": [],
            "etag": "BwZQ+njDE1M=",
            "id": "work-mylab-machinelearning/roles/run.developer/serviceAccount:do-aiparser-cb@work-mylab-machinelearning.iam.gserviceaccount.com",
            "member": "serviceAccount:do-aiparser-cb@work-mylab-machinelearning.iam.gserviceaccount.com",
            "project": "work-mylab-machinelearning",
            "role": "roles/run.developer"
          },
          "sensitive_attributes": [],
          "identity_schema_version": 0,
          "private": "bnVsbA==",
          "dependencies": [
            "google_project_service.cicd_services",
            "google_project_service.deploy_project_services",
            "google_service_account.cicd_runner_sa"
          ]
        },
        {
          "index_key": "prod-roles/secretmanager.secretAccessor",
          "schema_version": 0,
          "attributes": {
            "condition": [],
            "etag": "BwZQ+nkMsyA=",
            "id": "work-mylab-machinelearning/roles/secretmanager.secretAccessor/serviceAccount:do-aiparser-cb@work-mylab-machinelearning.iam.gserviceaccount.com",
            "member": "serviceAccount:do-aiparser-cb@work-mylab-machinelearning.iam.gserviceaccount.com",
            "project": "work-mylab-machinelearning",
            "role": "roles/secretmanager.secretAccessor"
          },
          "sensitive_attributes": [],
          "identity_schema_version": 0,
          "private": "bnVsbA==",
          "dependencies": [
            "google_project_service.cicd_services",
            "google_project_service.deploy_project_services",
            "google_service_account.cicd_runner_sa"
          ]
        },
        {
          "index_key": "prod-roles/storage.admin",
          "schema_version": 0,
          "attributes": {
            "condition": [],
            "etag": "BwZQ+nh9hQM=",
            "id": "work-mylab-machinelearning/roles/storage.admin/serviceAccount:do-aiparser-cb@work-mylab-machinelearning.iam.gserviceaccount.com",
            "member": "serviceAccount:do-aiparser-cb@work-mylab-machinelearning.iam.gserviceaccount.com",
            "project": "work-mylab-machinelearning",
            "role": "roles/storage.admin"
          },
          "sensitive_attributes": [],
          "identity_schema_version": 0,
          "private": "bnVsbA==",
          "dependencies": [
            "google_project_service.cicd_services",
            "google_project_service.deploy_project_services",
            "google_service_account.cicd_runner_sa"
          ]
        },
        {
          "index_key": "staging-roles/aiplatform.user",
          "schema_version": 0,
          "attributes": {
            "condition": [],
            "etag": "BwZQ+nh9hQM=",
            "id": "work-mylab-machinelearning/roles/aiplatform.user/serviceAccount:do-aiparser-cb@work-mylab-machinelearning.iam.gserviceaccount.com",
            "member": "serviceAccount:do-aiparser-cb@work-mylab-machinelearning.iam.gserviceaccount.com",
            "project": "work-mylab-machinelearning",
            "role": "roles/aiplatform.user"
          },
          "sensitive_attributes": [],
          "identity_schema_version": 0,
          "private": "bnVsbA==",
          "dependencies": [
            "google_project_service.cicd_services",
            "google_project_service.deploy_project_services",
            "google_service_account.cicd_runner_sa"
          ]
        },
        {
          "index_key": "staging-roles/artifactregistry.writer",
          "schema_version": 0,
          "attributes": {
            "condition": [],
            "etag": "BwZQ+nh9hQM=",
            "id": "work-mylab-machinelearning/roles/artifactregistry.writer/serviceAccount:do-aiparser-cb@work-mylab-machinelearning.iam.gserviceaccount.com",
            "member": "serviceAccount:do-aiparser-cb@work-mylab-machinelearning.iam.gserviceaccount.com",
            "project": "work-mylab-machinelearning",
            "role": "roles/artifactregistry.writer"
          },
          "sensitive_attributes": [],
          "identity_schema_version": 0,
          "private": "bnVsbA==",
          "dependencies": [
            "google_project_service.cicd_services",
            "google_project_service.deploy_project_services",
            "google_service_account.cicd_runner_sa"
          ]
        },
        {
          "index_key": "staging-roles/iam.serviceAccountUser",
          "schema_version": 0,
          "attributes": {
            "condition": [],
            "etag": "BwZQ+njDE1M=",
            "id": "work-mylab-machinelearning/roles/iam.serviceAccountUser/serviceAccount:do-aiparser-cb@work-mylab-machinelearning.iam.gserviceaccount.com",
            "member": "serviceAccount:do-aiparser-cb@work-mylab-machinelearning.iam.gserviceaccount.com",
            "project": "work-mylab-machinelearning",
            "role": "roles/iam.serviceAccountUser"
          },
          "sensitive_attributes": [],
          "identity_schema_version": 0,
          "private": "bnVsbA==",
          "dependencies": [
            "google_project_service.cicd_services",
            "google_project_service.deploy_project_services",
            "google_service_account.cicd_runner_sa"
          ]
        },
        {
          "index_key": "staging-roles/run.developer",
          "schema_version": 0,
          "attributes": {
            "condition": [],
            "etag": "BwZQ+nkMsyA=",
            "id": "work-mylab-machinelearning/roles/run.developer/serviceAccount:do-aiparser-cb@work-mylab-machinelearning.iam.gserviceaccount.com",
            "member": "serviceAccount:do-aiparser-cb@work-mylab-machinelearning.iam.gserviceaccount.com",
            "project": "work-mylab-machinelearning",
            "role": "roles/run.developer"
          },
          "sensitive_attributes": [],
          "identity_schema_version": 0,
          "private": "bnVsbA==",
          "dependencies": [
            "google_project_service.cicd_services",
            "google_project_service.deploy_project_services",
            "google_service_account.cicd_runner_sa"
          ]
        },
        {
          "index_key": "staging-roles/secretmanager.secretAccessor",
          "schema_version": 0,
          "attributes": {
            "condition": [],
            "etag": "BwZQ+nh9hQM=",
            "id": "work-mylab-machinelearning/roles/secretmanager.secretAccessor/serviceAccount:do-aiparser-cb@work-mylab-machinelearning.iam.gserviceaccount.com",
            "member": "serviceAccount:do-aiparser-cb@work-mylab-machinelearning.iam.gserviceaccount.com",
            "project": "work-mylab-machinelearning",
            "role": "roles/secretmanager.secretAccessor"
          },
          "sensitive_attributes": [],
          "identity_schema_version": 0,
          "private": "bnVsbA==",
          "dependencies": [
            "google_project_service.cicd_services",
            "google_project_service.deploy_project_services",
            "google_service_account.cicd_runner_sa"
          ]
        },
        {
          "index_key": "staging-roles/storage.admin",
          "schema_version": 0,
          "attributes": {
            "condition": [],
            "etag": "BwZQ+nf4QTs=",
            "id": "work-mylab-machinelearning/roles/storage.admin/serviceAccount:do-aiparser-cb@work-mylab-machinelearning.iam.gserviceaccount.com",
            "member": "serviceAccount:do-aiparser-cb@work-mylab-machinelearning.iam.gserviceaccount.com",
            "project": "work-mylab-machinelearning",
            "role": "roles/storage.admin"
          },
          "sensitive_attributes": [],
          "identity_schema_version": 0,
          "private": "bnVsbA==",
          "dependencies": [
            "google_project_service.cicd_services",
            "google_project_service.deploy_project_services",
            "google_service_account.cicd_runner_sa"
          ]
        }
      ]
    },
    {
      "mode": "managed",
      "type": "google_project_service",
      "name": "cicd_cloud_resource_manager_api",
      "provider": "provider[\"registry.terraform.io/hashicorp/google\"]",
      "instances": [
        {
          "schema_version": 0,
          "attributes": {
            "disable_dependent_services": null,
            "disable_on_destroy": false,
            "id": "work-mylab-machinelearning/cloudresourcemanager.googleapis.com",
            "project": "work-mylab-machinelearning",
            "service": "cloudresourcemanager.googleapis.com",
            "timeouts": null
          },
          "sensitive_attributes": [],
          "identity_schema_version": 0,
          "private": "eyJlMmJmYjczMC1lY2FhLTExZTYtOGY4OC0zNDM2M2JjN2M0YzAiOnsiY3JlYXRlIjoxMjAwMDAwMDAwMDAwLCJkZWxldGUiOjEyMDAwMDAwMDAwMDAsInJlYWQiOjYwMDAwMDAwMDAwMCwidXBkYXRlIjoxMjAwMDAwMDAwMDAwfX0="
        }
      ]
    },
    {
      "mode": "managed",
      "type": "google_project_service",
      "name": "cicd_services",
      "provider": "provider[\"registry.terraform.io/hashicorp/google\"]",
      "instances": [
        {
          "index_key": 0,
          "schema_version": 0,
          "attributes": {
            "disable_dependent_services": null,
            "disable_on_destroy": false,
            "id": "work-mylab-machinelearning/artifactregistry.googleapis.com",
            "project": "work-mylab-machinelearning",
            "service": "artifactregistry.googleapis.com",
            "timeouts": null
          },
          "sensitive_attributes": [],
          "identity_schema_version": 0,
          "private": "eyJlMmJmYjczMC1lY2FhLTExZTYtOGY4OC0zNDM2M2JjN2M0YzAiOnsiY3JlYXRlIjoxMjAwMDAwMDAwMDAwLCJkZWxldGUiOjEyMDAwMDAwMDAwMDAsInJlYWQiOjYwMDAwMDAwMDAwMCwidXBkYXRlIjoxMjAwMDAwMDAwMDAwfX0="
        },
        {
          "index_key": 1,
          "schema_version": 0,
          "attributes": {
            "disable_dependent_services": null,
            "disable_on_destroy": false,
            "id": "work-mylab-machinelearning/cloudbuild.googleapis.com",
            "project": "work-mylab-machinelearning",
            "service": "cloudbuild.googleapis.com",
            "timeouts": null
          },
          "sensitive_attributes": [],
          "identity_schema_version": 0,
          "private": "eyJlMmJmYjczMC1lY2FhLTExZTYtOGY4OC0zNDM2M2JjN2M0YzAiOnsiY3JlYXRlIjoxMjAwMDAwMDAwMDAwLCJkZWxldGUiOjEyMDAwMDAwMDAwMDAsInJlYWQiOjYwMDAwMDAwMDAwMCwidXBkYXRlIjoxMjAwMDAwMDAwMDAwfX0="
        },
        {
          "index_key": 2,
          "schema_version": 0,
          "attributes": {
            "disable_dependent_services": null,
            "disable_on_destroy": false,
            "id": "work-mylab-machinelearning/aiplatform.googleapis.com",
            "project": "work-mylab-machinelearning",
            "service": "aiplatform.googleapis.com",
            "timeouts": null
          },
          "sensitive_attributes": [],
          "identity_schema_version": 0,
          "private": "eyJlMmJmYjczMC1lY2FhLTExZTYtOGY4OC0zNDM2M2JjN2M0YzAiOnsiY3JlYXRlIjoxMjAwMDAwMDAwMDAwLCJkZWxldGUiOjEyMDAwMDAwMDAwMDAsInJlYWQiOjYwMDAwMDAwMDAwMCwidXBkYXRlIjoxMjAwMDAwMDAwMDAwfX0="
        },
        {
          "index_key": 3,
          "schema_version": 0,
          "attributes": {
            "disable_dependent_services": null,
            "disable_on_destroy": false,
            "id": "work-mylab-machinelearning/serviceusage.googleapis.com",
            "project": "work-mylab-machinelearning",
            "service": "serviceusage.googleapis.com",
            "timeouts": null
          },
          "sensitive_attributes": [],
          "identity_schema_version": 0,
          "private": "eyJlMmJmYjczMC1lY2FhLTExZTYtOGY4OC0zNDM2M2JjN2M0YzAiOnsiY3JlYXRlIjoxMjAwMDAwMDAwMDAwLCJkZWxldGUiOjEyMDAwMDAwMDAwMDAsInJlYWQiOjYwMDAwMDAwMDAwMCwidXBkYXRlIjoxMjAwMDAwMDAwMDAwfX0="
        },
        {
          "index_key": 4,
          "schema_version": 0,
          "attributes": {
            "disable_dependent_services": null,
            "disable_on_destroy": false,
            "id": "work-mylab-machinelearning/bigquery.googleapis.com",
            "project": "work-mylab-machinelearning",
            "service": "bigquery.googleapis.com",
            "timeouts": null
          },
          "sensitive_attributes": [],
          "identity_schema_version": 0,
          "private": "eyJlMmJmYjczMC1lY2FhLTExZTYtOGY4OC0zNDM2M2JjN2M0YzAiOnsiY3JlYXRlIjoxMjAwMDAwMDAwMDAwLCJkZWxldGUiOjEyMDAwMDAwMDAwMDAsInJlYWQiOjYwMDAwMDAwMDAwMCwidXBkYXRlIjoxMjAwMDAwMDAwMDAwfX0="
        },
        {
          "index_key": 5,
          "schema_version": 0,
          "attributes": {
            "disable_dependent_services": null,
            "disable_on_destroy": false,
            "id": "work-mylab-machinelearning/cloudresourcemanager.googleapis.com",
            "project": "work-mylab-machinelearning",
            "service": "cloudresourcemanager.googleapis.com",
            "timeouts": null
          },
          "sensitive_attributes": [],
          "identity_schema_version": 0,
          "private": "eyJlMmJmYjczMC1lY2FhLTExZTYtOGY4OC0zNDM2M2JjN2M0YzAiOnsiY3JlYXRlIjoxMjAwMDAwMDAwMDAwLCJkZWxldGUiOjEyMDAwMDAwMDAwMDAsInJlYWQiOjYwMDAwMDAwMDAwMCwidXBkYXRlIjoxMjAwMDAwMDAwMDAwfX0="
        },
        {
          "index_key": 6,
          "schema_version": 0,
          "attributes": {
            "disable_dependent_services": null,
            "disable_on_destroy": false,
            "id": "work-mylab-machinelearning/cloudtrace.googleapis.com",
            "project": "work-mylab-machinelearning",
            "service": "cloudtrace.googleapis.com",
            "timeouts": null
          },
          "sensitive_attributes": [],
          "identity_schema_version": 0,
          "private": "eyJlMmJmYjczMC1lY2FhLTExZTYtOGY4OC0zNDM2M2JjN2M0YzAiOnsiY3JlYXRlIjoxMjAwMDAwMDAwMDAwLCJkZWxldGUiOjEyMDAwMDAwMDAwMDAsInJlYWQiOjYwMDAwMDAwMDAwMCwidXBkYXRlIjoxMjAwMDAwMDAwMDAwfX0="
        },
        {
          "index_key": 7,
          "schema_version": 0,
          "attributes": {
            "disable_dependent_services": null,
            "disable_on_destroy": false,
            "id": "work-mylab-machinelearning/telemetry.googleapis.com",
            "project": "work-mylab-machinelearning",
            "service": "telemetry.googleapis.com",
            "timeouts": null
          },
          "sensitive_attributes": [],
          "identity_schema_version": 0,
          "private": "eyJlMmJmYjczMC1lY2FhLTExZTYtOGY4OC0zNDM2M2JjN2M0YzAiOnsiY3JlYXRlIjoxMjAwMDAwMDAwMDAwLCJkZWxldGUiOjEyMDAwMDAwMDAwMDAsInJlYWQiOjYwMDAwMDAwMDAwMCwidXBkYXRlIjoxMjAwMDAwMDAwMDAwfX0="
        },
        {
          "index_key": 8,
          "schema_version": 0,
          "attributes": {
            "disable_dependent_services": null,
            "disable_on_destroy": false,
            "id": "work-mylab-machinelearning/sqladmin.googleapis.com",
            "project": "work-mylab-machinelearning",
            "service": "sqladmin.googleapis.com",
            "timeouts": null
          },
          "sensitive_attributes": [],
          "identity_schema_version": 0,
          "private": "eyJlMmJmYjczMC1lY2FhLTExZTYtOGY4OC0zNDM2M2JjN2M0YzAiOnsiY3JlYXRlIjoxMjAwMDAwMDAwMDAwLCJkZWxldGUiOjEyMDAwMDAwMDAwMDAsInJlYWQiOjYwMDAwMDAwMDAwMCwidXBkYXRlIjoxMjAwMDAwMDAwMDAwfX0="
        }
      ]
    },
    {
      "mode": "managed",
      "type": "google_project_service",
      "name": "deploy_project_services",
      "provider": "provider[\"registry.terraform.io/hashicorp/google\"]",
      "instances": [
        {
          "index_key": "prod_aiplatform_googleapis_com",
          "schema_version": 0,
          "attributes": {
            "disable_dependent_services": null,
            "disable_on_destroy": false,
            "id": "work-mylab-machinelearning/aiplatform.googleapis.com",
            "project": "work-mylab-machinelearning",
            "service": "aiplatform.googleapis.com",
            "timeouts": null
          },
          "sensitive_attributes": [],
          "identity_schema_version": 0,
          "private": "eyJlMmJmYjczMC1lY2FhLTExZTYtOGY4OC0zNDM2M2JjN2M0YzAiOnsiY3JlYXRlIjoxMjAwMDAwMDAwMDAwLCJkZWxldGUiOjEyMDAwMDAwMDAwMDAsInJlYWQiOjYwMDAwMDAwMDAwMCwidXBkYXRlIjoxMjAwMDAwMDAwMDAwfX0="
        },
        {
          "index_key": "prod_bigquery_googleapis_com",
          "schema_version": 0,
          "attributes": {
            "disable_dependent_services": null,
            "disable_on_destroy": false,
            "id": "work-mylab-machinelearning/bigquery.googleapis.com",
            "project": "work-mylab-machinelearning",
            "service": "bigquery.googleapis.com",
            "timeouts": null
          },
          "sensitive_attributes": [],
          "identity_schema_version": 0,
          "private": "eyJlMmJmYjczMC1lY2FhLTExZTYtOGY4OC0zNDM2M2JjN2M0YzAiOnsiY3JlYXRlIjoxMjAwMDAwMDAwMDAwLCJkZWxldGUiOjEyMDAwMDAwMDAwMDAsInJlYWQiOjYwMDAwMDAwMDAwMCwidXBkYXRlIjoxMjAwMDAwMDAwMDAwfX0="
        },
        {
          "index_key": "prod_cloudbuild_googleapis_com",
          "schema_version": 0,
          "attributes": {
            "disable_dependent_services": null,
            "disable_on_destroy": false,
            "id": "work-mylab-machinelearning/cloudbuild.googleapis.com",
            "project": "work-mylab-machinelearning",
            "service": "cloudbuild.googleapis.com",
            "timeouts": null
          },
          "sensitive_attributes": [],
          "identity_schema_version": 0,
          "private": "eyJlMmJmYjczMC1lY2FhLTExZTYtOGY4OC0zNDM2M2JjN2M0YzAiOnsiY3JlYXRlIjoxMjAwMDAwMDAwMDAwLCJkZWxldGUiOjEyMDAwMDAwMDAwMDAsInJlYWQiOjYwMDAwMDAwMDAwMCwidXBkYXRlIjoxMjAwMDAwMDAwMDAwfX0="
        },
        {
          "index_key": "prod_cloudresourcemanager_googleapis_com",
          "schema_version": 0,
          "attributes": {
            "disable_dependent_services": null,
            "disable_on_destroy": false,
            "id": "work-mylab-machinelearning/cloudresourcemanager.googleapis.com",
            "project": "work-mylab-machinelearning",
            "service": "cloudresourcemanager.googleapis.com",
            "timeouts": null
          },
          "sensitive_attributes": [],
          "identity_schema_version": 0,
          "private": "eyJlMmJmYjczMC1lY2FhLTExZTYtOGY4OC0zNDM2M2JjN2M0YzAiOnsiY3JlYXRlIjoxMjAwMDAwMDAwMDAwLCJkZWxldGUiOjEyMDAwMDAwMDAwMDAsInJlYWQiOjYwMDAwMDAwMDAwMCwidXBkYXRlIjoxMjAwMDAwMDAwMDAwfX0="
        },
        {
          "index_key": "prod_cloudtrace_googleapis_com",
          "schema_version": 0,
          "attributes": {
            "disable_dependent_services": null,
            "disable_on_destroy": false,
            "id": "work-mylab-machinelearning/cloudtrace.googleapis.com",
            "project": "work-mylab-machinelearning",
            "service": "cloudtrace.googleapis.com",
            "timeouts": null
          },
          "sensitive_attributes": [],
          "identity_schema_version": 0,
          "private": "eyJlMmJmYjczMC1lY2FhLTExZTYtOGY4OC0zNDM2M2JjN2M0YzAiOnsiY3JlYXRlIjoxMjAwMDAwMDAwMDAwLCJkZWxldGUiOjEyMDAwMDAwMDAwMDAsInJlYWQiOjYwMDAwMDAwMDAwMCwidXBkYXRlIjoxMjAwMDAwMDAwMDAwfX0="
        },
        {
          "index_key": "prod_iam_googleapis_com",
          "schema_version": 0,
          "attributes": {
            "disable_dependent_services": null,
            "disable_on_destroy": false,
            "id": "work-mylab-machinelearning/iam.googleapis.com",
            "project": "work-mylab-machinelearning",
            "service": "iam.googleapis.com",
            "timeouts": null
          },
          "sensitive_attributes": [],
          "identity_schema_version": 0,
          "private": "eyJlMmJmYjczMC1lY2FhLTExZTYtOGY4OC0zNDM2M2JjN2M0YzAiOnsiY3JlYXRlIjoxMjAwMDAwMDAwMDAwLCJkZWxldGUiOjEyMDAwMDAwMDAwMDAsInJlYWQiOjYwMDAwMDAwMDAwMCwidXBkYXRlIjoxMjAwMDAwMDAwMDAwfX0="
        },
        {
          "index_key": "prod_logging_googleapis_com",
          "schema_version": 0,
          "attributes": {
            "disable_dependent_services": null,
            "disable_on_destroy": false,
            "id": "work-mylab-machinelearning/logging.googleapis.com",
            "project": "work-mylab-machinelearning",
            "service": "logging.googleapis.com",
            "timeouts": null
          },
          "sensitive_attributes": [],
          "identity_schema_version": 0,
          "private": "eyJlMmJmYjczMC1lY2FhLTExZTYtOGY4OC0zNDM2M2JjN2M0YzAiOnsiY3JlYXRlIjoxMjAwMDAwMDAwMDAwLCJkZWxldGUiOjEyMDAwMDAwMDAwMDAsInJlYWQiOjYwMDAwMDAwMDAwMCwidXBkYXRlIjoxMjAwMDAwMDAwMDAwfX0="
        },
        {
          "index_key": "prod_run_googleapis_com",
          "schema_version": 0,
          "attributes": {
            "disable_dependent_services": null,
            "disable_on_destroy": false,
            "id": "work-mylab-machinelearning/run.googleapis.com",
            "project": "work-mylab-machinelearning",
            "service": "run.googleapis.com",
            "timeouts": null
          },
          "sensitive_attributes": [],
          "identity_schema_version": 0,
          "private": "eyJlMmJmYjczMC1lY2FhLTExZTYtOGY4OC0zNDM2M2JjN2M0YzAiOnsiY3JlYXRlIjoxMjAwMDAwMDAwMDAwLCJkZWxldGUiOjEyMDAwMDAwMDAwMDAsInJlYWQiOjYwMDAwMDAwMDAwMCwidXBkYXRlIjoxMjAwMDAwMDAwMDAwfX0="
        },
        {
          "index_key": "prod_secretmanager_googleapis_com",
          "schema_version": 0,
          "attributes": {
            "disable_dependent_services": null,
            "disable_on_destroy": false,
            "id": "work-mylab-machinelearning/secretmanager.googleapis.com",
            "project": "work-mylab-machinelearning",
            "service": "secretmanager.googleapis.com",
            "timeouts": null
          },
          "sensitive_attributes": [],
          "identity_schema_version": 0,
          "private": "eyJlMmJmYjczMC1lY2FhLTExZTYtOGY4OC0zNDM2M2JjN2M0YzAiOnsiY3JlYXRlIjoxMjAwMDAwMDAwMDAwLCJkZWxldGUiOjEyMDAwMDAwMDAwMDAsInJlYWQiOjYwMDAwMDAwMDAwMCwidXBkYXRlIjoxMjAwMDAwMDAwMDAwfX0="
        },
        {
          "index_key": "prod_serviceusage_googleapis_com",
          "schema_version": 0,
          "attributes": {
            "disable_dependent_services": null,
            "disable_on_destroy": false,
            "id": "work-mylab-machinelearning/serviceusage.googleapis.com",
            "project": "work-mylab-machinelearning",
            "service": "serviceusage.googleapis.com",
            "timeouts": null
          },
          "sensitive_attributes": [],
          "identity_schema_version": 0,
          "private": "eyJlMmJmYjczMC1lY2FhLTExZTYtOGY4OC0zNDM2M2JjN2M0YzAiOnsiY3JlYXRlIjoxMjAwMDAwMDAwMDAwLCJkZWxldGUiOjEyMDAwMDAwMDAwMDAsInJlYWQiOjYwMDAwMDAwMDAwMCwidXBkYXRlIjoxMjAwMDAwMDAwMDAwfX0="
        },
        {
          "index_key": "prod_sqladmin_googleapis_com",
          "schema_version": 0,
          "attributes": {
            "disable_dependent_services": null,
            "disable_on_destroy": false,
            "id": "work-mylab-machinelearning/sqladmin.googleapis.com",
            "project": "work-mylab-machinelearning",
            "service": "sqladmin.googleapis.com",
            "timeouts": null
          },
          "sensitive_attributes": [],
          "identity_schema_version": 0,
          "private": "eyJlMmJmYjczMC1lY2FhLTExZTYtOGY4OC0zNDM2M2JjN2M0YzAiOnsiY3JlYXRlIjoxMjAwMDAwMDAwMDAwLCJkZWxldGUiOjEyMDAwMDAwMDAwMDAsInJlYWQiOjYwMDAwMDAwMDAwMCwidXBkYXRlIjoxMjAwMDAwMDAwMDAwfX0="
        },
        {
          "index_key": "prod_telemetry_googleapis_com",
          "schema_version": 0,
          "attributes": {
            "disable_dependent_services": null,
            "disable_on_destroy": false,
            "id": "work-mylab-machinelearning/telemetry.googleapis.com",
            "project": "work-mylab-machinelearning",
            "service": "telemetry.googleapis.com",
            "timeouts": null
          },
          "sensitive_attributes": [],
          "identity_schema_version": 0,
          "private": "eyJlMmJmYjczMC1lY2FhLTExZTYtOGY4OC0zNDM2M2JjN2M0YzAiOnsiY3JlYXRlIjoxMjAwMDAwMDAwMDAwLCJkZWxldGUiOjEyMDAwMDAwMDAwMDAsInJlYWQiOjYwMDAwMDAwMDAwMCwidXBkYXRlIjoxMjAwMDAwMDAwMDAwfX0="
        },
        {
          "index_key": "staging_aiplatform_googleapis_com",
          "schema_version": 0,
          "attributes": {
            "disable_dependent_services": null,
            "disable_on_destroy": false,
            "id": "work-mylab-machinelearning/aiplatform.googleapis.com",
            "project": "work-mylab-machinelearning",
            "service": "aiplatform.googleapis.com",
            "timeouts": null
          },
          "sensitive_attributes": [],
          "identity_schema_version": 0,
          "private": "eyJlMmJmYjczMC1lY2FhLTExZTYtOGY4OC0zNDM2M2JjN2M0YzAiOnsiY3JlYXRlIjoxMjAwMDAwMDAwMDAwLCJkZWxldGUiOjEyMDAwMDAwMDAwMDAsInJlYWQiOjYwMDAwMDAwMDAwMCwidXBkYXRlIjoxMjAwMDAwMDAwMDAwfX0="
        },
        {
          "index_key": "staging_bigquery_googleapis_com",
          "schema_version": 0,
          "attributes": {
            "disable_dependent_services": null,
            "disable_on_destroy": false,
            "id": "work-mylab-machinelearning/bigquery.googleapis.com",
            "project": "work-mylab-machinelearning",
            "service": "bigquery.googleapis.com",
            "timeouts": null
          },
          "sensitive_attributes": [],
          "identity_schema_version": 0,
          "private": "eyJlMmJmYjczMC1lY2FhLTExZTYtOGY4OC0zNDM2M2JjN2M0YzAiOnsiY3JlYXRlIjoxMjAwMDAwMDAwMDAwLCJkZWxldGUiOjEyMDAwMDAwMDAwMDAsInJlYWQiOjYwMDAwMDAwMDAwMCwidXBkYXRlIjoxMjAwMDAwMDAwMDAwfX0="
        },
        {
          "index_key": "staging_cloudbuild_googleapis_com",
          "schema_version": 0,
          "attributes": {
            "disable_dependent_services": null,
            "disable_on_destroy": false,
            "id": "work-mylab-machinelearning/cloudbuild.googleapis.com",
            "project": "work-mylab-machinelearning",
            "service": "cloudbuild.googleapis.com",
            "timeouts": null
          },
          "sensitive_attributes": [],
          "identity_schema_version": 0,
          "private": "eyJlMmJmYjczMC1lY2FhLTExZTYtOGY4OC0zNDM2M2JjN2M0YzAiOnsiY3JlYXRlIjoxMjAwMDAwMDAwMDAwLCJkZWxldGUiOjEyMDAwMDAwMDAwMDAsInJlYWQiOjYwMDAwMDAwMDAwMCwidXBkYXRlIjoxMjAwMDAwMDAwMDAwfX0="
        },
        {
          "index_key": "staging_cloudresourcemanager_googleapis_com",
          "schema_version": 0,
          "attributes": {
            "disable_dependent_services": null,
            "disable_on_destroy": false,
            "id": "work-mylab-machinelearning/cloudresourcemanager.googleapis.com",
            "project": "work-mylab-machinelearning",
            "service": "cloudresourcemanager.googleapis.com",
            "timeouts": null
          },
          "sensitive_attributes": [],
          "identity_schema_version": 0,
          "private": "eyJlMmJmYjczMC1lY2FhLTExZTYtOGY4OC0zNDM2M2JjN2M0YzAiOnsiY3JlYXRlIjoxMjAwMDAwMDAwMDAwLCJkZWxldGUiOjEyMDAwMDAwMDAwMDAsInJlYWQiOjYwMDAwMDAwMDAwMCwidXBkYXRlIjoxMjAwMDAwMDAwMDAwfX0="
        },
        {
          "index_key": "staging_cloudtrace_googleapis_com",
          "schema_version": 0,
          "attributes": {
            "disable_dependent_services": null,
            "disable_on_destroy": false,
            "id": "work-mylab-machinelearning/cloudtrace.googleapis.com",
            "project": "work-mylab-machinelearning",
            "service": "cloudtrace.googleapis.com",
            "timeouts": null
          },
          "sensitive_attributes": [],
          "identity_schema_version": 0,
          "private": "eyJlMmJmYjczMC1lY2FhLTExZTYtOGY4OC0zNDM2M2JjN2M0YzAiOnsiY3JlYXRlIjoxMjAwMDAwMDAwMDAwLCJkZWxldGUiOjEyMDAwMDAwMDAwMDAsInJlYWQiOjYwMDAwMDAwMDAwMCwidXBkYXRlIjoxMjAwMDAwMDAwMDAwfX0="
        },
        {
          "index_key": "staging_iam_googleapis_com",
          "schema_version": 0,
          "attributes": {
            "disable_dependent_services": null,
            "disable_on_destroy": false,
            "id": "work-mylab-machinelearning/iam.googleapis.com",
            "project": "work-mylab-machinelearning",
            "service": "iam.googleapis.com",
            "timeouts": null
          },
          "sensitive_attributes": [],
          "identity_schema_version": 0,
          "private": "eyJlMmJmYjczMC1lY2FhLTExZTYtOGY4OC0zNDM2M2JjN2M0YzAiOnsiY3JlYXRlIjoxMjAwMDAwMDAwMDAwLCJkZWxldGUiOjEyMDAwMDAwMDAwMDAsInJlYWQiOjYwMDAwMDAwMDAwMCwidXBkYXRlIjoxMjAwMDAwMDAwMDAwfX0="
        },
        {
          "index_key": "staging_logging_googleapis_com",
          "schema_version": 0,
          "attributes": {
            "disable_dependent_services": null,
            "disable_on_destroy": false,
            "id": "work-mylab-machinelearning/logging.googleapis.com",
            "project": "work-mylab-machinelearning",
            "service": "logging.googleapis.com",
            "timeouts": null
          },
          "sensitive_attributes": [],
          "identity_schema_version": 0,
          "private": "eyJlMmJmYjczMC1lY2FhLTExZTYtOGY4OC0zNDM2M2JjN2M0YzAiOnsiY3JlYXRlIjoxMjAwMDAwMDAwMDAwLCJkZWxldGUiOjEyMDAwMDAwMDAwMDAsInJlYWQiOjYwMDAwMDAwMDAwMCwidXBkYXRlIjoxMjAwMDAwMDAwMDAwfX0="
        },
        {
          "index_key": "staging_run_googleapis_com",
          "schema_version": 0,
          "attributes": {
            "disable_dependent_services": null,
            "disable_on_destroy": false,
            "id": "work-mylab-machinelearning/run.googleapis.com",
            "project": "work-mylab-machinelearning",
            "service": "run.googleapis.com",
            "timeouts": null
          },
          "sensitive_attributes": [],
          "identity_schema_version": 0,
          "private": "eyJlMmJmYjczMC1lY2FhLTExZTYtOGY4OC0zNDM2M2JjN2M0YzAiOnsiY3JlYXRlIjoxMjAwMDAwMDAwMDAwLCJkZWxldGUiOjEyMDAwMDAwMDAwMDAsInJlYWQiOjYwMDAwMDAwMDAwMCwidXBkYXRlIjoxMjAwMDAwMDAwMDAwfX0="
        },
        {
          "index_key": "staging_secretmanager_googleapis_com",
          "schema_version": 0,
          "attributes": {
            "disable_dependent_services": null,
            "disable_on_destroy": false,
            "id": "work-mylab-machinelearning/secretmanager.googleapis.com",
            "project": "work-mylab-machinelearning",
            "service": "secretmanager.googleapis.com",
            "timeouts": null
          },
          "sensitive_attributes": [],
          "identity_schema_version": 0,
          "private": "eyJlMmJmYjczMC1lY2FhLTExZTYtOGY4OC0zNDM2M2JjN2M0YzAiOnsiY3JlYXRlIjoxMjAwMDAwMDAwMDAwLCJkZWxldGUiOjEyMDAwMDAwMDAwMDAsInJlYWQiOjYwMDAwMDAwMDAwMCwidXBkYXRlIjoxMjAwMDAwMDAwMDAwfX0="
        },
        {
          "index_key": "staging_serviceusage_googleapis_com",
          "schema_version": 0,
          "attributes": {
            "disable_dependent_services": null,
            "disable_on_destroy": false,
            "id": "work-mylab-machinelearning/serviceusage.googleapis.com",
            "project": "work-mylab-machinelearning",
            "service": "serviceusage.googleapis.com",
            "timeouts": null
          },
          "sensitive_attributes": [],
          "identity_schema_version": 0,
          "private": "eyJlMmJmYjczMC1lY2FhLTExZTYtOGY4OC0zNDM2M2JjN2M0YzAiOnsiY3JlYXRlIjoxMjAwMDAwMDAwMDAwLCJkZWxldGUiOjEyMDAwMDAwMDAwMDAsInJlYWQiOjYwMDAwMDAwMDAwMCwidXBkYXRlIjoxMjAwMDAwMDAwMDAwfX0="
        },
        {
          "index_key": "staging_sqladmin_googleapis_com",
          "schema_version": 0,
          "attributes": {
            "disable_dependent_services": null,
            "disable_on_destroy": false,
            "id": "work-mylab-machinelearning/sqladmin.googleapis.com",
            "project": "work-mylab-machinelearning",
            "service": "sqladmin.googleapis.com",
            "timeouts": null
          },
          "sensitive_attributes": [],
          "identity_schema_version": 0,
          "private": "eyJlMmJmYjczMC1lY2FhLTExZTYtOGY4OC0zNDM2M2JjN2M0YzAiOnsiY3JlYXRlIjoxMjAwMDAwMDAwMDAwLCJkZWxldGUiOjEyMDAwMDAwMDAwMDAsInJlYWQiOjYwMDAwMDAwMDAwMCwidXBkYXRlIjoxMjAwMDAwMDAwMDAwfX0="
        },
        {
          "index_key": "staging_telemetry_googleapis_com",
          "schema_version": 0,
          "attributes": {
            "disable_dependent_services": null,
            "disable_on_destroy": false,
            "id": "work-mylab-machinelearning/telemetry.googleapis.com",
            "project": "work-mylab-machinelearning",
            "service": "telemetry.googleapis.com",
            "timeouts": null
          },
          "sensitive_attributes": [],
          "identity_schema_version": 0,
          "private": "eyJlMmJmYjczMC1lY2FhLTExZTYtOGY4OC0zNDM2M2JjN2M0YzAiOnsiY3JlYXRlIjoxMjAwMDAwMDAwMDAwLCJkZWxldGUiOjEyMDAwMDAwMDAwMDAsInJlYWQiOjYwMDAwMDAwMDAwMCwidXBkYXRlIjoxMjAwMDAwMDAwMDAwfX0="
        }
      ]
    },
    {
      "mode": "managed",
      "type": "google_secret_manager_secret",
      "name": "db_password",
      "provider": "provider[\"registry.terraform.io/hashicorp/google\"]",
      "instances": [
        {
          "index_key": "staging",
          "schema_version": 0,
          "attributes": {
            "annotations": null,
            "create_time": "2026-05-04T09:21:47.945106Z",
            "deletion_protection": false,
            "effective_annotations": {},
            "effective_labels": {
              "goog-terraform-provisioned": "true"
            },
            "expire_time": "",
            "id": "projects/work-mylab-machinelearning/secrets/do-aiparser-db-password",
            "labels": null,
            "name": "projects/388889235558/secrets/do-aiparser-db-password",
            "project": "work-mylab-machinelearning",
            "replication": [
              {
                "auto": [
                  {
                    "customer_managed_encryption": []
                  }
                ],
                "user_managed": []
              }
            ],
            "rotation": [],
            "secret_id": "do-aiparser-db-password",
            "tags": null,
            "terraform_labels": {
              "goog-terraform-provisioned": "true"
            },
            "timeouts": null,
            "topics": [],
            "ttl": null,
            "version_aliases": null,
            "version_destroy_ttl": ""
          },
          "sensitive_attributes": [],
          "identity_schema_version": 0,
          "private": "eyJlMmJmYjczMC1lY2FhLTExZTYtOGY4OC0zNDM2M2JjN2M0YzAiOnsiY3JlYXRlIjoxMjAwMDAwMDAwMDAwLCJkZWxldGUiOjEyMDAwMDAwMDAwMDAsInVwZGF0ZSI6MTIwMDAwMDAwMDAwMH19",
          "dependencies": [
            "google_project_service.deploy_project_services"
          ]
        }
      ]
    },
    {
      "mode": "managed",
      "type": "google_service_account",
      "name": "app_sa",
      "provider": "provider[\"registry.terraform.io/hashicorp/google\"]",
      "instances": [
        {
          "index_key": "prod",
          "schema_version": 0,
          "attributes": {
            "account_id": "do-aiparser-app",
            "create_ignore_already_exists": null,
            "description": "",
            "disabled": false,
            "display_name": "do-aiparser Agent Service Account",
            "email": "do-aiparser-app@work-mylab-machinelearning.iam.gserviceaccount.com",
            "id": "projects/work-mylab-machinelearning/serviceAccounts/do-aiparser-app@work-mylab-machinelearning.iam.gserviceaccount.com",
            "member": "serviceAccount:do-aiparser-app@work-mylab-machinelearning.iam.gserviceaccount.com",
            "name": "projects/work-mylab-machinelearning/serviceAccounts/do-aiparser-app@work-mylab-machinelearning.iam.gserviceaccount.com",
            "project": "work-mylab-machinelearning",
            "timeouts": null,
            "unique_id": "114341298341358538111"
          },
          "sensitive_attributes": [],
          "identity_schema_version": 0,
          "private": "eyJlMmJmYjczMC1lY2FhLTExZTYtOGY4OC0zNDM2M2JjN2M0YzAiOnsiY3JlYXRlIjozMDAwMDAwMDAwMDB9fQ==",
          "dependencies": [
            "google_project_service.cicd_services",
            "google_project_service.deploy_project_services"
          ]
        }
      ]
    },
    {
      "mode": "managed",
      "type": "google_service_account",
      "name": "cicd_runner_sa",
      "provider": "provider[\"registry.terraform.io/hashicorp/google\"]",
      "instances": [
        {
          "schema_version": 0,
          "attributes": {
            "account_id": "do-aiparser-cb",
            "create_ignore_already_exists": null,
            "description": "",
            "disabled": false,
            "display_name": "CICD Runner SA",
            "email": "do-aiparser-cb@work-mylab-machinelearning.iam.gserviceaccount.com",
            "id": "projects/work-mylab-machinelearning/serviceAccounts/do-aiparser-cb@work-mylab-machinelearning.iam.gserviceaccount.com",
            "member": "serviceAccount:do-aiparser-cb@work-mylab-machinelearning.iam.gserviceaccount.com",
            "name": "projects/work-mylab-machinelearning/serviceAccounts/do-aiparser-cb@work-mylab-machinelearning.iam.gserviceaccount.com",
            "project": "work-mylab-machinelearning",
            "timeouts": null,
            "unique_id": "109368895829604575637"
          },
          "sensitive_attributes": [],
          "identity_schema_version": 0,
          "private": "eyJlMmJmYjczMC1lY2FhLTExZTYtOGY4OC0zNDM2M2JjN2M0YzAiOnsiY3JlYXRlIjozMDAwMDAwMDAwMDB9fQ==",
          "dependencies": [
            "google_project_service.cicd_services",
            "google_project_service.deploy_project_services"
          ]
        }
      ]
    },
    {
      "mode": "managed",
      "type": "google_service_account_iam_member",
      "name": "cicd_run_invoker_account_user",
      "provider": "provider[\"registry.terraform.io/hashicorp/google\"]",
      "instances": [
        {
          "schema_version": 0,
          "attributes": {
            "condition": [],
            "etag": "BwZQ+nkrFgM=",
            "id": "projects/work-mylab-machinelearning/serviceAccounts/do-aiparser-cb@work-mylab-machinelearning.iam.gserviceaccount.com/roles/iam.serviceAccountUser/serviceAccount:do-aiparser-cb@work-mylab-machinelearning.iam.gserviceaccount.com",
            "member": "serviceAccount:do-aiparser-cb@work-mylab-machinelearning.iam.gserviceaccount.com",
            "role": "roles/iam.serviceAccountUser",
            "service_account_id": "projects/work-mylab-machinelearning/serviceAccounts/do-aiparser-cb@work-mylab-machinelearning.iam.gserviceaccount.com"
          },
          "sensitive_attributes": [],
          "identity_schema_version": 0,
          "private": "bnVsbA==",
          "dependencies": [
            "google_project_service.cicd_services",
            "google_project_service.deploy_project_services",
            "google_service_account.cicd_runner_sa"
          ]
        }
      ]
    },
    {
      "mode": "managed",
      "type": "google_service_account_iam_member",
      "name": "cicd_run_invoker_token_creator",
      "provider": "provider[\"registry.terraform.io/hashicorp/google\"]",
      "instances": [
        {
          "schema_version": 0,
          "attributes": {
            "condition": [],
            "etag": "BwZQ+nd66Vc=",
            "id": "projects/work-mylab-machinelearning/serviceAccounts/do-aiparser-cb@work-mylab-machinelearning.iam.gserviceaccount.com/roles/iam.serviceAccountTokenCreator/serviceAccount:do-aiparser-cb@work-mylab-machinelearning.iam.gserviceaccount.com",
            "member": "serviceAccount:do-aiparser-cb@work-mylab-machinelearning.iam.gserviceaccount.com",
            "role": "roles/iam.serviceAccountTokenCreator",
            "service_account_id": "projects/work-mylab-machinelearning/serviceAccounts/do-aiparser-cb@work-mylab-machinelearning.iam.gserviceaccount.com"
          },
          "sensitive_attributes": [],
          "identity_schema_version": 0,
          "private": "bnVsbA==",
          "dependencies": [
            "google_project_service.cicd_services",
            "google_project_service.deploy_project_services",
            "google_service_account.cicd_runner_sa"
          ]
        }
      ]
    },
    {
      "mode": "managed",
      "type": "google_service_account_iam_member",
      "name": "github_oidc_access",
      "provider": "provider[\"registry.terraform.io/hashicorp/google\"]",
      "instances": [
        {
          "schema_version": 0,
          "attributes": {
            "condition": [],
            "etag": "BwZQ+nkrFgM=",
            "id": "projects/work-mylab-machinelearning/serviceAccounts/do-aiparser-cb@work-mylab-machinelearning.iam.gserviceaccount.com/roles/iam.workloadIdentityUser/principalSet://iam.googleapis.com/projects/388889235558/locations/global/workloadIdentityPools/do-aiparser-pool/attribute.repository/do-priyambodo/do-aiparser",
            "member": "principalSet://iam.googleapis.com/projects/388889235558/locations/global/workloadIdentityPools/do-aiparser-pool/attribute.repository/do-priyambodo/do-aiparser",
            "role": "roles/iam.workloadIdentityUser",
            "service_account_id": "projects/work-mylab-machinelearning/serviceAccounts/do-aiparser-cb@work-mylab-machinelearning.iam.gserviceaccount.com"
          },
          "sensitive_attributes": [],
          "identity_schema_version": 0,
          "private": "bnVsbA==",
          "dependencies": [
            "data.google_project.cicd_project",
            "google_iam_workload_identity_pool.github_pool",
            "google_project_service.cicd_services",
            "google_project_service.deploy_project_services",
            "google_service_account.cicd_runner_sa"
          ]
        }
      ]
    },
    {
      "mode": "managed",
      "type": "google_service_account_iam_member",
      "name": "github_sa_impersonation",
      "provider": "provider[\"registry.terraform.io/hashicorp/google\"]",
      "instances": [
        {
          "schema_version": 0,
          "attributes": {
            "condition": [],
            "etag": "BwZQ+ni7MjI=",
            "id": "projects/work-mylab-machinelearning/serviceAccounts/do-aiparser-cb@work-mylab-machinelearning.iam.gserviceaccount.com/roles/iam.serviceAccountTokenCreator/principalSet://iam.googleapis.com/projects/388889235558/locations/global/workloadIdentityPools/do-aiparser-pool/attribute.repository/do-priyambodo/do-aiparser",
            "member": "principalSet://iam.googleapis.com/projects/388889235558/locations/global/workloadIdentityPools/do-aiparser-pool/attribute.repository/do-priyambodo/do-aiparser",
            "role": "roles/iam.serviceAccountTokenCreator",
            "service_account_id": "projects/work-mylab-machinelearning/serviceAccounts/do-aiparser-cb@work-mylab-machinelearning.iam.gserviceaccount.com"
          },
          "sensitive_attributes": [],
          "identity_schema_version": 0,
          "private": "bnVsbA==",
          "dependencies": [
            "data.google_project.cicd_project",
            "google_iam_workload_identity_pool.github_pool",
            "google_project_service.cicd_services",
            "google_project_service.deploy_project_services",
            "google_service_account.cicd_runner_sa"
          ]
        }
      ]
    },
    {
      "mode": "managed",
      "type": "google_sql_database_instance",
      "name": "session_db",
      "provider": "provider[\"registry.terraform.io/hashicorp/google\"]",
      "instances": []
    },
    {
      "mode": "managed",
      "type": "google_storage_bucket",
      "name": "logs_data_bucket",
      "provider": "provider[\"registry.terraform.io/hashicorp/google\"]",
      "instances": [
        {
          "index_key": "work-mylab-machinelearning",
          "schema_version": 4,
          "attributes": {
            "autoclass": [],
            "cors": [],
            "custom_placement_config": [],
            "default_event_based_hold": false,
            "effective_labels": {
              "goog-terraform-provisioned": "true"
            },
            "enable_object_retention": false,
            "encryption": [],
            "force_destroy": true,
            "hierarchical_namespace": [
              {
                "enabled": false
              }
            ],
            "id": "work-mylab-machinelearning-do-aiparser-logs",
            "ip_filter": [],
            "labels": null,
            "lifecycle_rule": [],
            "location": "US-CENTRAL1",
            "logging": [],
            "name": "work-mylab-machinelearning-do-aiparser-logs",
            "project": "work-mylab-machinelearning",
            "project_number": 388889235558,
            "public_access_prevention": "inherited",
            "requester_pays": false,
            "retention_policy": [],
            "rpo": null,
            "self_link": "https://www.googleapis.com/storage/v1/b/work-mylab-machinelearning-do-aiparser-logs",
            "soft_delete_policy": [
              {
                "effective_time": "2026-05-04T09:21:49.167Z",
                "retention_duration_seconds": 604800
              }
            ],
            "storage_class": "STANDARD",
            "terraform_labels": {
              "goog-terraform-provisioned": "true"
            },
            "time_created": "2026-05-04T09:21:49.167Z",
            "timeouts": null,
            "uniform_bucket_level_access": true,
            "updated": "2026-05-04T09:21:49.167Z",
            "url": "gs://work-mylab-machinelearning-do-aiparser-logs",
            "versioning": [],
            "website": []
          },
          "sensitive_attributes": [],
          "identity_schema_version": 0,
          "private": "eyJlMmJmYjczMC1lY2FhLTExZTYtOGY4OC0zNDM2M2JjN2M0YzAiOnsiY3JlYXRlIjo2MDAwMDAwMDAwMDAsInJlYWQiOjI0MDAwMDAwMDAwMCwidXBkYXRlIjoyNDAwMDAwMDAwMDB9LCJzY2hlbWFfdmVyc2lvbiI6IjQifQ==",
          "dependencies": [
            "google_project_service.cicd_services",
            "google_project_service.deploy_project_services"
          ]
        }
      ]
    },
    {
      "mode": "managed",
      "type": "random_password",
      "name": "db_password",
      "provider": "provider[\"registry.terraform.io/hashicorp/random\"]",
      "instances": [
        {
          "index_key": "prod",
          "schema_version": 3,
          "attributes": {
            "bcrypt_hash": "$2a$10$pPYhM7zVnsFlilWh/2tl/es26jjIe2LGsF8rorjcjIcyMS678yUwW",
            "id": "none",
            "keepers": null,
            "length": 16,
            "lower": true,
            "min_lower": 0,
            "min_numeric": 0,
            "min_special": 0,
            "min_upper": 0,
            "number": true,
            "numeric": true,
            "override_special": "!#$%\u0026*()-_=+[]{}\u003c\u003e:?",
            "result": "[IITk$#DgmZXOoDK",
            "special": true,
            "upper": true
          },
          "sensitive_attributes": [
            [
              {
                "type": "get_attr",
                "value": "bcrypt_hash"
              }
            ],
            [
              {
                "type": "get_attr",
                "value": "result"
              }
            ]
          ],
          "identity_schema_version": 0
        },
        {
          "index_key": "staging",
          "schema_version": 3,
          "attributes": {
            "bcrypt_hash": "$2a$10$zYtTfjQuNdoP.p6W719mbue6IeAt1mNuZ6tmtL8kOolKqrOOaHqM6",
            "id": "none",
            "keepers": null,
            "length": 16,
            "lower": true,
            "min_lower": 0,
            "min_numeric": 0,
            "min_special": 0,
            "min_upper": 0,
            "number": true,
            "numeric": true,
            "override_special": "!#$%\u0026*()-_=+[]{}\u003c\u003e:?",
            "result": "\u003eDawFdu\u003eLib:8a#v",
            "special": true,
            "upper": true
          },
          "sensitive_attributes": [
            [
              {
                "type": "get_attr",
                "value": "bcrypt_hash"
              }
            ],
            [
              {
                "type": "get_attr",
                "value": "result"
              }
            ]
          ],
          "identity_schema_version": 0
        }
      ]
    }
  ],
  "check_results": null
}
