{
  "version": 4,
  "terraform_version": "1.14.1",
  "serial": 152,
  "lineage": "0ec9798b-48b2-fa8c-d726-19eb48185683",
  "outputs": {
    "app_service_account_emails": {
      "value": {
        "prod": "do-aiparser-app@work-mylab-machinelearning.iam.gserviceaccount.com",
        "staging": "do-aiparser-app@work-mylab-machinelearning.iam.gserviceaccount.com"
      },
      "type": [
        "object",
        {
          "prod": "string",
          "staging": "string"
        }
      ]
    },
    "artifact_registry_repository": {
      "value": "do-aiparser-repo",
      "type": "string"
    },
    "cicd_runner_service_account_email": {
      "value": "do-aiparser-cb@work-mylab-machinelearning.iam.gserviceaccount.com",
      "type": "string"
    },
    "cloud_run_service_names": {
      "value": {
        "prod": "do-aiparser",
        "staging": "do-aiparser"
      },
      "type": [
        "object",
        {
          "prod": "string",
          "staging": "string"
        }
      ]
    },
    "cloud_run_service_urls": {
      "value": null,
      "type": "dynamic"
    },
    "logs_bucket_names": {
      "value": {
        "work-mylab-machinelearning": "work-mylab-machinelearning-do-aiparser-logs"
      },
      "type": [
        "object",
        {
          "work-mylab-machinelearning": "string"
        }
      ]
    },
    "telemetry_bigquery_connection_id": {
      "value": {
        "prod": "do-aiparser-genai-telemetry",
        "staging": "do-aiparser-genai-telemetry"
      },
      "type": [
        "object",
        {
          "prod": "string",
          "staging": "string"
        }
      ]
    },
    "telemetry_dataset_id": {
      "value": {
        "prod": "do_aiparser_telemetry",
        "staging": "do_aiparser_telemetry"
      },
      "type": [
        "object",
        {
          "prod": "string",
          "staging": "string"
        }
      ]
    }
  },
  "resources": [
    {
      "mode": "data",
      "type": "github_repository",
      "name": "existing_repo",
      "provider": "provider[\"registry.terraform.io/integrations/github\"]",
      "instances": [
        {
          "index_key": 0,
          "schema_version": 0,
          "attributes": {
            "allow_auto_merge": false,
            "allow_merge_commit": true,
            "allow_rebase_merge": true,
            "allow_squash_merge": true,
            "allow_update_branch": false,
            "archived": false,
            "default_branch": "main",
            "delete_branch_on_merge": false,
            "description": "",
            "fork": false,
            "full_name": "do-priyambodo/do-aiparser",
            "git_clone_url": "git://github.com/do-priyambodo/do-aiparser.git",
            "has_discussions": false,
            "has_downloads": true,
            "has_issues": true,
            "has_projects": true,
            "has_wiki": false,
            "homepage_url": "",
            "html_url": "https://github.com/do-priyambodo/do-aiparser",
            "http_clone_url": "https://github.com/do-priyambodo/do-aiparser.git",
            "id": "do-aiparser",
            "is_template": false,
            "merge_commit_message": "PR_TITLE",
            "merge_commit_title": "MERGE_MESSAGE",
            "name": "do-aiparser",
            "node_id": "R_kgDOSTwZpg",
            "pages": [],
            "primary_language": "HCL",
            "private": true,
            "repo_id": 1228675494,
            "repository_license": [],
            "squash_merge_commit_message": "COMMIT_MESSAGES",
            "squash_merge_commit_title": "COMMIT_OR_PR_TITLE",
            "ssh_clone_url": "git@github.com:do-priyambodo/do-aiparser.git",
            "svn_url": "https://github.com/do-priyambodo/do-aiparser",
            "template": [],
            "topics": [],
            "visibility": "private"
          },
          "sensitive_attributes": [],
          "identity_schema_version": 0
        }
      ]
    },
    {
      "mode": "data",
      "type": "google_project",
      "name": "cicd_project",
      "provider": "provider[\"registry.terraform.io/hashicorp/google\"]",
      "instances": [
        {
          "schema_version": 0,
          "attributes": {
            "auto_create_network": null,
            "billing_account": "01D920-A90EFC-E7459C",
            "deletion_policy": "PREVENT",
            "effective_labels": {
              "firebase": "enabled",
              "generative-language": "enabled",
              "migration-center-store-region": "us-central1"
            },
            "folder_id": "929795737799",
            "id": "projects/work-mylab-machinelearning",
            "labels": {
              "firebase": "enabled",
              "generative-language": "enabled",
              "migration-center-store-region": "us-central1"
            },
            "name": "work-mylab-machinelearning",
            "number": "388889235558",
            "org_id": "",
            "project_id": "work-mylab-machinelearning",
            "tags": null,
            "terraform_labels": {
              "firebase": "enabled",
              "generative-language": "enabled",
              "migration-center-store-region": "us-central1"
            }
          },
          "sensitive_attributes": [],
          "identity_schema_version": 0
        }
      ]
    },
    {
      "mode": "data",
      "type": "google_project",
      "name": "project",
      "provider": "provider[\"registry.terraform.io/hashicorp/google\"]",
      "instances": [
        {
          "index_key": "prod",
          "schema_version": 0,
          "attributes": {
            "auto_create_network": null,
            "billing_account": "01D920-A90EFC-E7459C",
            "deletion_policy": "PREVENT",
            "effective_labels": {
              "firebase": "enabled",
              "generative-language": "enabled",
              "migration-center-store-region": "us-central1"
            },
            "folder_id": "929795737799",
            "id": "projects/work-mylab-machinelearning",
            "labels": {
              "firebase": "enabled",
              "generative-language": "enabled",
              "migration-center-store-region": "us-central1"
            },
            "name": "work-mylab-machinelearning",
            "number": "388889235558",
            "org_id": "",
            "project_id": "work-mylab-machinelearning",
            "tags": null,
            "terraform_labels": {
              "firebase": "enabled",
              "generative-language": "enabled",
              "migration-center-store-region": "us-central1"
            }
          },
          "sensitive_attributes": [],
          "identity_schema_version": 0
        },
        {
          "index_key": "staging",
          "schema_version": 0,
          "attributes": {
            "auto_create_network": null,
            "billing_account": "01D920-A90EFC-E7459C",
            "deletion_policy": "PREVENT",
            "effective_labels": {
              "firebase": "enabled",
              "generative-language": "enabled",
              "migration-center-store-region": "us-central1"
            },
            "folder_id": "929795737799",
            "id": "projects/work-mylab-machinelearning",
            "labels": {
              "firebase": "enabled",
              "generative-language": "enabled",
              "migration-center-store-region": "us-central1"
            },
            "name": "work-mylab-machinelearning",
            "number": "388889235558",
            "org_id": "",
            "project_id": "work-mylab-machinelearning",
            "tags": null,
            "terraform_labels": {
              "firebase": "enabled",
              "generative-language": "enabled",
              "migration-center-store-region": "us-central1"
            }
          },
          "sensitive_attributes": [],
          "identity_schema_version": 0
        }
      ]
    },
    {
      "mode": "data",
      "type": "google_project",
      "name": "projects",
      "provider": "provider[\"registry.terraform.io/hashicorp/google\"]",
      "instances": [
        {
          "index_key": "prod",
          "schema_version": 0,
          "attributes": {
            "auto_create_network": null,
            "billing_account": "01D920-A90EFC-E7459C",
            "deletion_policy": "PREVENT",
            "effective_labels": {
              "firebase": "enabled",
              "generative-language": "enabled",
              "migration-center-store-region": "us-central1"
            },
            "folder_id": "929795737799",
            "id": "projects/work-mylab-machinelearning",
            "labels": {
              "firebase": "enabled",
              "generative-language": "enabled",
              "migration-center-store-region": "us-central1"
            },
            "name": "work-mylab-machinelearning",
            "number": "388889235558",
            "org_id": "",
            "project_id": "work-mylab-machinelearning",
            "tags": null,
            "terraform_labels": {
              "firebase": "enabled",
              "generative-language": "enabled",
              "migration-center-store-region": "us-central1"
            }
          },
          "sensitive_attributes": [],
          "identity_schema_version": 0
        },
        {
          "index_key": "staging",
          "schema_version": 0,
          "attributes": {
            "auto_create_network": null,
            "billing_account": "01D920-A90EFC-E7459C",
            "deletion_policy": "PREVENT",
            "effective_labels": {
              "firebase": "enabled",
              "generative-language": "enabled",
              "migration-center-store-region": "us-central1"
            },
            "folder_id": "929795737799",
            "id": "projects/work-mylab-machinelearning",
            "labels": {
              "firebase": "enabled",
              "generative-language": "enabled",
              "migration-center-store-region": "us-central1"
            },
            "name": "work-mylab-machinelearning",
            "number": "388889235558",
            "org_id": "",
            "project_id": "work-mylab-machinelearning",
            "tags": null,
            "terraform_labels": {
              "firebase": "enabled",
              "generative-language": "enabled",
              "migration-center-store-region": "us-central1"
            }
          },
          "sensitive_attributes": [],
          "identity_schema_version": 0
        }
      ]
    },
    {
      "mode": "managed",
      "type": "github_actions_secret",
      "name": "gcp_service_account",
      "provider": "provider[\"registry.terraform.io/integrations/github\"]",
      "instances": [
        {
          "schema_version": 0,
          "attributes": {
            "created_at": "2026-05-04 09:26:55 +0000 UTC",
            "encrypted_value": "",
            "id": "do-aiparser:GCP_SERVICE_ACCOUNT",
            "plaintext_value": "do-aiparser-cb@work-mylab-machinelearning.iam.gserviceaccount.com",
            "repository": "do-aiparser",
            "secret_name": "GCP_SERVICE_ACCOUNT",
            "updated_at": "2026-05-04 09:26:55 +0000 UTC"
          },
          "sensitive_attributes": [
            [
              {
                "type": "get_attr",
                "value": "encrypted_value"
              }
            ],
            [
              {
                "type": "get_attr",
                "value": "plaintext_value"
              }
            ]
          ],
          "identity_schema_version": 0,
          "private": "bnVsbA==",
          "dependencies": [
            "data.github_repository.existing_repo",
            "github_repository.repo",
            "google_project_service.cicd_services",
            "google_project_service.deploy_project_services",
            "google_service_account.cicd_runner_sa"
          ]
        }
      ]
    },
    {
      "mode": "managed",
      "type": "github_actions_secret",
      "name": "wif_pool_id",
      "provider": "provider[\"registry.terraform.io/integrations/github\"]",
      "instances": [
        {
          "schema_version": 0,
          "attributes": {
            "created_at": "2026-05-04 09:26:53 +0000 UTC",
            "encrypted_value": "",
            "id": "do-aiparser:WIF_POOL_ID",
            "plaintext_value": "do-aiparser-pool",
            "repository": "do-aiparser",
            "secret_name": "WIF_POOL_ID",
            "updated_at": "2026-05-04 09:26:53 +0000 UTC"
          },
          "sensitive_attributes": [
            [
              {
                "type": "get_attr",
                "value": "encrypted_value"
              }
            ],
            [
              {
                "type": "get_attr",
                "value": "plaintext_value"
              }
            ]
          ],
          "identity_schema_version": 0,
          "private": "bnVsbA==",
          "dependencies": [
            "data.github_repository.existing_repo",
            "github_repository.repo",
            "google_iam_workload_identity_pool.github_pool",
            "google_project_service.cicd_services",
            "google_project_service.deploy_project_services"
          ]
        }
      ]
    },
    {
      "mode": "managed",
      "type": "github_actions_secret",
      "name": "wif_provider_id",
      "provider": "provider[\"registry.terraform.io/integrations/github\"]",
      "instances": [
        {
          "schema_version": 0,
          "attributes": {
            "created_at": "2026-05-04 09:27:00 +0000 UTC",
            "encrypted_value": "",
            "id": "do-aiparser:WIF_PROVIDER_ID",
            "plaintext_value": "do-aiparser-oidc",
            "repository": "do-aiparser",
            "secret_name": "WIF_PROVIDER_ID",
            "updated_at": "2026-05-04 09:27:00 +0000 UTC"
          },
          "sensitive_attributes": [
            [
              {
                "type": "get_attr",
                "value": "encrypted_value"
              }
            ],
            [
              {
                "type": "get_attr",
                "value": "plaintext_value"
              }
            ]
          ],
          "identity_schema_version": 0,
          "private": "bnVsbA==",
          "dependencies": [
            "data.github_repository.existing_repo",
            "github_repository.repo",
            "google_iam_workload_identity_pool.github_pool",
            "google_iam_workload_identity_pool_provider.github_provider",
            "google_project_service.cicd_services",
            "google_project_service.deploy_project_services"
          ]
        }
      ]
    },
    {
      "mode": "managed",
      "type": "github_actions_variable",
      "name": "artifact_registry_repo_name",
      "provider": "provider[\"registry.terraform.io/integrations/github\"]",
      "instances": [
        {
          "schema_version": 0,
          "attributes": {
            "created_at": "2026-05-04 09:26:58 +0000 UTC",
            "id": "do-aiparser:ARTIFACT_REGISTRY_REPO_NAME",
            "repository": "do-aiparser",
            "updated_at": "2026-05-04 09:26:58 +0000 UTC",
            "value": "do-aiparser-repo",
            "variable_name": "ARTIFACT_REGISTRY_REPO_NAME"
          },
          "sensitive_attributes": [],
          "identity_schema_version": 0,
          "private": "bnVsbA==",
          "dependencies": [
            "data.github_repository.existing_repo",
            "github_repository.repo",
            "google_artifact_registry_repository.repo-artifacts-genai",
            "google_project_service.cicd_services",
            "google_project_service.deploy_project_services"
          ]
        }
      ]
    },
    {
      "mode": "managed",
      "type": "github_actions_variable",
      "name": "cicd_project_id",
      "provider": "provider[\"registry.terraform.io/integrations/github\"]",
      "instances": [
        {
          "schema_version": 0,
          "attributes": {
            "created_at": "2026-05-04 09:26:48 +0000 UTC",
            "id": "do-aiparser:CICD_PROJECT_ID",
            "repository": "do-aiparser",
            "updated_at": "2026-05-04 09:26:48 +0000 UTC",
            "value": "work-mylab-machinelearning",
            "variable_name": "CICD_PROJECT_ID"
          },
          "sensitive_attributes": [],
          "identity_schema_version": 0,
          "private": "bnVsbA==",
          "dependencies": [
            "data.github_repository.existing_repo",
            "github_repository.repo"
          ]
        }
      ]
    },
    {
      "mode": "managed",
      "type": "github_actions_variable",
      "name": "container_name",
      "provider": "provider[\"registry.terraform.io/integrations/github\"]",
      "instances": [
        {
          "schema_version": 0,
          "attributes": {
            "created_at": "2026-05-04 09:26:45 +0000 UTC",
            "id": "do-aiparser:CONTAINER_NAME",
            "repository": "do-aiparser",
            "updated_at": "2026-05-04 09:26:45 +0000 UTC",
            "value": "do-aiparser",
            "variable_name": "CONTAINER_NAME"
          },
          "sensitive_attributes": [],
          "identity_schema_version": 0,
          "private": "bnVsbA==",
          "dependencies": [
            "data.github_repository.existing_repo",
            "github_repository.repo"
          ]
        }
      ]
    },
    {
      "mode": "managed",
      "type": "github_actions_variable",
      "name": "gcp_project_number",
      "provider": "provider[\"registry.terraform.io/integrations/github\"]",
      "instances": [
        {
          "schema_version": 0,
          "attributes": {
            "created_at": "2026-05-04 09:26:44 +0000 UTC",
            "id": "do-aiparser:GCP_PROJECT_NUMBER",
            "repository": "do-aiparser",
            "updated_at": "2026-05-04 09:26:44 +0000 UTC",
            "value": "388889235558",
            "variable_name": "GCP_PROJECT_NUMBER"
          },
          "sensitive_attributes": [],
          "identity_schema_version": 0,
          "private": "bnVsbA==",
          "dependencies": [
            "data.github_repository.existing_repo",
            "data.google_project.cicd_project",
            "github_repository.repo"
          ]
        }
      ]
    },
    {
      "mode": "managed",
      "type": "github_actions_variable",
      "name": "logs_bucket_name_prod",
      "provider": "provider[\"registry.terraform.io/integrations/github\"]",
      "instances": [
        {
          "schema_version": 0,
          "attributes": {
            "created_at": "2026-05-04 09:26:51 +0000 UTC",
            "id": "do-aiparser:LOGS_BUCKET_NAME_PROD",
            "repository": "do-aiparser",
            "updated_at": "2026-05-04 09:26:51 +0000 UTC",
            "value": "work-mylab-machinelearning-do-aiparser-logs",
            "variable_name": "LOGS_BUCKET_NAME_PROD"
          },
          "sensitive_attributes": [],
          "identity_schema_version": 0,
          "private": "bnVsbA==",
          "dependencies": [
            "data.github_repository.existing_repo",
            "github_repository.repo",
            "google_project_service.cicd_services",
            "google_project_service.deploy_project_services",
            "google_storage_bucket.logs_data_bucket"
          ]
        }
      ]
    },
    {
      "mode": "managed",
      "type": "github_actions_variable",
      "name": "logs_bucket_name_staging",
      "provider": "provider[\"registry.terraform.io/integrations/github\"]",
      "instances": [
        {
          "schema_version": 0,
          "attributes": {
            "created_at": "2026-05-04 09:26:50 +0000 UTC",
            "id": "do-aiparser:LOGS_BUCKET_NAME_STAGING",
            "repository": "do-aiparser",
            "updated_at": "2026-05-04 09:26:50 +0000 UTC",
            "value": "work-mylab-machinelearning-do-aiparser-logs",
            "variable_name": "LOGS_BUCKET_NAME_STAGING"
          },
          "sensitive_attributes": [],
          "identity_schema_version": 0,
          "private": "bnVsbA==",
          "dependencies": [
            "data.github_repository.existing_repo",
            "github_repository.repo",
            "google_project_service.cicd_services",
            "google_project_service.deploy_project_services",
            "google_storage_bucket.logs_data_bucket"
          ]
        }
      ]
    },
    {
      "mode": "managed",
      "type": "github_actions_variable",
      "name": "prod_project_id",
      "provider": "provider[\"registry.terraform.io/integrations/github\"]",
      "instances": [
        {
          "schema_version": 0,
          "attributes": {
            "created_at": "2026-05-04 09:26:49 +0000 UTC",
            "id": "do-aiparser:PROD_PROJECT_ID",
            "repository": "do-aiparser",
            "updated_at": "2026-05-04 09:26:49 +0000 UTC",
            "value": "work-mylab-machinelearning",
            "variable_name": "PROD_PROJECT_ID"
          },
          "sensitive_attributes": [],
          "identity_schema_version": 0,
          "private": "bnVsbA==",
          "dependencies": [
            "data.github_repository.existing_repo",
            "github_repository.repo"
          ]
        }
      ]
    },
    {
      "mode": "managed",
      "type": "github_actions_variable",
      "name": "region",
      "provider": "provider[\"registry.terraform.io/integrations/github\"]",
      "instances": [
        {
          "schema_version": 0,
          "attributes": {
            "created_at": "2026-05-04 09:26:57 +0000 UTC",
            "id": "do-aiparser:REGION",
            "repository": "do-aiparser",
            "updated_at": "2026-05-04 09:26:57 +0000 UTC",
            "value": "us-central1",
            "variable_name": "REGION"
          },
          "sensitive_attributes": [],
          "identity_schema_version": 0,
          "private": "bnVsbA==",
          "dependencies": [
            "data.github_repository.existing_repo",
            "github_repository.repo"
          ]
        }
      ]
    },
    {
      "mode": "managed",
      "type": "github_actions_variable",
      "name": "staging_project_id",
      "provider": "provider[\"registry.terraform.io/integrations/github\"]",
      "instances": [
        {
          "schema_version": 0,
          "attributes": {
            "created_at": "2026-05-04 09:26:43 +0000 UTC",
            "id": "do-aiparser:STAGING_PROJECT_ID",
            "repository": "do-aiparser",
            "updated_at": "2026-05-04 09:26:43 +0000 UTC",
            "value": "work-mylab-machinelearning",
            "variable_name": "STAGING_PROJECT_ID"
          },
          "sensitive_attributes": [],
          "identity_schema_version": 0,
          "private": "bnVsbA==",
          "dependencies": [
            "data.github_repository.existing_repo",
            "github_repository.repo"
          ]
        }
      ]
    },
    {
      "mode": "managed",
      "type": "github_repository",
      "name": "repo",
      "provider": "provider[\"registry.terraform.io/integrations/github\"]",
      "instances": []
    },
    {
      "mode": "managed",
      "type": "github_repository_environment",
      "name": "production_environment",
      "provider": "provider[\"registry.terraform.io/integrations/github\"]",
      "instances": [
        {
          "schema_version": 0,
          "attributes": {
            "can_admins_bypass": true,
            "deployment_branch_policy": [
              {
                "custom_branch_policies": true,
                "protected_branches": false
              }
            ],
            "environment": "production",
            "id": "do-aiparser:production",
            "prevent_self_review": false,
            "repository": "do-aiparser",
            "reviewers": [],
            "wait_timer": 0
          },
          "sensitive_attributes": [],
          "identity_schema_version": 0,
          "private": "bnVsbA==",
          "dependencies": [
            "data.github_repository.existing_repo",
            "github_repository.repo"
          ]
        }
      ]
    },
    {
      "mode": "managed",
      "type": "google_artifact_registry_repository",
      "name": "repo-artifacts-genai",
      "provider": "provider[\"registry.terraform.io/hashicorp/google\"]",
      "instances": [
        {
          "schema_version": 0,
          "attributes": {
            "cleanup_policies": [],
            "cleanup_policy_dry_run": false,
            "create_time": "2026-05-04T09:21:48.522676Z",
            "description": "Repo for Generative AI applications",
            "docker_config": [],
            "effective_labels": {
              "goog-terraform-provisioned": "true"
            },
            "format": "DOCKER",
            "id": "projects/work-mylab-machinelearning/locations/us-central1/repositories/do-aiparser-repo",
            "kms_key_name": "",
            "labels": {},
            "location": "us-central1",
            "maven_config": [],
            "mode": "STANDARD_REPOSITORY",
            "name": "do-aiparser-repo",
            "project": "work-mylab-machinelearning",
            "registry_uri": "us-central1-docker.pkg.dev/work-mylab-machinelearning/do-aiparser-repo",
            "remote_repository_config": [],
            "repository_id": "do-aiparser-repo",
            "terraform_labels": {
              "goog-terraform-provisioned": "true"
            },
            "timeouts": null,
            "update_time": "2026-05-04T09:21:48.522676Z",
            "virtual_repository_config": [],
            "vulnerability_scanning_config": [
              {
                "enablement_config": "",
                "enablement_state": "SCANNING_ACTIVE",
                "enablement_state_reason": ""
              }
            ]
          },
          "sensitive_attributes": [],
          "identity_schema_version": 0,
          "private": "eyJlMmJmYjczMC1lY2FhLTExZTYtOGY4OC0zNDM2M2JjN2M0YzAiOnsiY3JlYXRlIjoxMjAwMDAwMDAwMDAwLCJkZWxldGUiOjEyMDAwMDAwMDAwMDAsInVwZGF0ZSI6MTIwMDAwMDAwMDAwMH19",
          "dependencies": [
            "google_project_service.cicd_services",
            "google_project_service.deploy_project_services"
          ]
        }
      ]
    },
    {
      "mode": "managed",
      "type": "google_bigquery_connection",
      "name": "genai_telemetry_connection",
      "provider": "provider[\"registry.terraform.io/hashicorp/google\"]",
      "instances": [
        {
          "index_key": "prod",
          "schema_version": 0,
          "attributes": {
            "aws": [],
            "azure": [],
            "cloud_resource": [
              {
                "service_account_id": "bqcx-388889235558-ax59@gcp-sa-bigquery-condel.iam.gserviceaccount.com"
              }
            ],
            "cloud_spanner": [],
            "cloud_sql": [],
            "connection_id": "do-aiparser-genai-telemetry",
            "description": "",
            "friendly_name": "do-aiparser GenAI Telemetry Connection",
            "has_credential": false,
            "id": "projects/work-mylab-machinelearning/locations/us-central1/connections/do-aiparser-genai-telemetry",
            "kms_key_name": "",
            "location": "us-central1",
            "name": "projects/388889235558/locations/us-central1/connections/do-aiparser-genai-telemetry",
            "project": "work-mylab-machinelearning",
            "spark": [],
            "timeouts": null
          },
          "sensitive_attributes": [],
          "identity_schema_version": 0,
          "private": "eyJlMmJmYjczMC1lY2FhLTExZTYtOGY4OC0zNDM2M2JjN2M0YzAiOnsiY3JlYXRlIjoxMjAwMDAwMDAwMDAwLCJkZWxldGUiOjEyMDAwMDAwMDAwMDAsInVwZGF0ZSI6MTIwMDAwMDAwMDAwMH19",
          "dependencies": [
            "google_project_service.cicd_services",
            "google_project_service.deploy_project_services"
          ]
        },
        {
          "index_key": "staging",
          "schema_version": 0,
          "attributes": {
            "aws": [],
            "azure": [],
            "cloud_resource": [
              {
                "service_account_id": "bqcx-388889235558-ax59@gcp-sa-bigquery-condel.iam.gserviceaccount.com"
              }
            ],
            "cloud_spanner": [],
            "cloud_sql": [],
            "connection_id": "do-aiparser-genai-telemetry",
            "description": "",
            "friendly_name": "do-aiparser GenAI Telemetry Connection",
            "has_credential": false,
            "id": "projects/work-mylab-machinelearning/locations/us-central1/connections/do-aiparser-genai-telemetry",
            "kms_key_name": "",
            "location": "us-central1",
            "name": "projects/388889235558/locations/us-central1/connections/do-aiparser-genai-telemetry",
            "project": "work-mylab-machinelearning",
            "spark": [],
            "timeouts": null
          },
          "sensitive_attributes": [],
          "identity_schema_version": 0,
          "private": "eyJlMmJmYjczMC1lY2FhLTExZTYtOGY4OC0zNDM2M2JjN2M0YzAiOnsiY3JlYXRlIjoxMjAwMDAwMDAwMDAwLCJkZWxldGUiOjEyMDAwMDAwMDAwMDAsInVwZGF0ZSI6MTIwMDAwMDAwMDAwMH0sInNjaGVtYV92ZXJzaW9uIjoiMCJ9",
          "dependencies": [
            "google_project_service.cicd_services",
            "google_project_service.deploy_project_services"
          ]
        }
      ]
    },
    {
      "mode": "managed",
      "type": "google_bigquery_dataset",
      "name": "telemetry_dataset",
      "provider": "provider[\"registry.terraform.io/hashicorp/google\"]",
      "instances": [
        {
          "index_key": "staging",
          "schema_version": 0,
          "attributes": {
            "access": [
              {
                "condition": [],
                "dataset": [],
                "domain": "",
                "group_by_email": "",
                "iam_member": "",
                "role": "OWNER",
                "routine": [],
                "special_group": "",
                "user_by_email": "admin@priyambodo.altostrat.com",
                "view": []
              },
              {
                "condition": [],
                "dataset": [],
                "domain": "",
                "group_by_email": "",
                "iam_member": "",
                "role": "OWNER",
                "routine": [],
                "special_group": "projectOwners",
                "user_by_email": "",
                "view": []
              },
              {
                "condition": [],
                "dataset": [],
                "domain": "",
                "group_by_email": "",
                "iam_member": "",
                "role": "READER",
                "routine": [],
                "special_group": "projectReaders",
                "user_by_email": "",
                "view": []
              },
              {
                "condition": [],
                "dataset": [],
                "domain": "",
                "group_by_email": "",
                "iam_member": "",
                "role": "WRITER",
                "routine": [],
                "special_group": "projectWriters",
                "user_by_email": "",
                "view": []
              }
            ],
            "creation_time": 1777886509328,
            "dataset_id": "do_aiparser_telemetry",
            "default_collation": "",
            "default_encryption_configuration": [],
            "default_partition_expiration_ms": 0,
            "default_table_expiration_ms": 0,
            "delete_contents_on_destroy": false,
            "description": "Dataset for GenAI telemetry data stored in GCS",
            "effective_labels": {
              "goog-terraform-provisioned": "true"
            },
            "etag": "2Yc+l8ECI2AoNSsTOywE5w==",
            "external_catalog_dataset_options": [],
            "external_dataset_reference": [],
            "friendly_name": "do-aiparser Telemetry",
            "id": "projects/work-mylab-machinelearning/datasets/do_aiparser_telemetry",
            "is_case_insensitive": false,
            "labels": {},
            "last_modified_time": 1777886509328,
            "location": "us-central1",
            "max_time_travel_hours": "168",
            "project": "work-mylab-machinelearning",
            "resource_tags": {},
            "self_link": "https://bigquery.googleapis.com/bigquery/v2/projects/work-mylab-machinelearning/datasets/do_aiparser_telemetry",
            "storage_billing_model": "",
            "terraform_labels": {
              "goog-terraform-provisioned": "true"
            },
            "timeouts": null
          },
          "sensitive_attributes": [],
          "identity_schema_version": 0,
          "private": "eyJlMmJmYjczMC1lY2FhLTExZTYtOGY4OC0zNDM2M2JjN2M0YzAiOnsiY3JlYXRlIjoxMjAwMDAwMDAwMDAwLCJkZWxldGUiOjEyMDAwMDAwMDAwMDAsInVwZGF0ZSI6MTIwMDAwMDAwMDAwMH19",
          "dependencies": [
            "google_project_service.cicd_services",
            "google_project_service.deploy_project_services"
          ]
        }
      ]
    },
    {
      "mode": "managed",
      "type": "google_iam_workload_identity_pool",
      "name": "github_pool",
      "provider": "provider[\"registry.terraform.io/hashicorp/google\"]",
      "instances": [
        {
          "schema_version": 0,
          "attributes": {
            "description": "",
            "disabled": false,
            "display_name": "GitHub Actions Pool",
            "id": "projects/work-mylab-machinelearning/locations/global/workloadIdentityPools/do-aiparser-pool",
            "name": "projects/388889235558/locations/global/workloadIdentityPools/do-aiparser-pool",
            "project": "work-mylab-machinelearning",
            "state": "ACTIVE",
            "timeouts": null,
            "workload_identity_pool_id": "do-aiparser-pool"
          },
          "sensitive_attributes": [],
          "identity_schema_version": 0,
          "private": "eyJlMmJmYjczMC1lY2FhLTExZTYtOGY4OC0zNDM2M2JjN2M0YzAiOnsiY3JlYXRlIjoxMjAwMDAwMDAwMDAwLCJkZWxldGUiOjEyMDAwMDAwMDAwMDAsInVwZGF0ZSI6MTIwMDAwMDAwMDAwMH19",
          "dependencies": [
            "google_project_service.cicd_services",
            "google_project_service.deploy_project_services"
          ]
        }
      ]
    },
    {
      "mode": "managed",
      "type": "google_iam_workload_identity_pool_provider",
      "name": "github_provider",
      "provider": "provider[\"registry.terraform.io/hashicorp/google\"]",
      "instances": [
        {
          "schema_version": 0,
          "attributes": {
            "attribute_condition": "attribute.repository == 'do-priyambodo/do-aiparser'",
            "attribute_mapping": {
              "attribute.repository": "assertion.repository",
              "attribute.repository_owner": "assertion.repository_owner",
              "google.subject": "assertion.sub"
            },
            "aws": [],
            "description": "",
            "disabled": false,
            "display_name": "GitHub OIDC Provider",
            "id": "projects/work-mylab-machinelearning/locations/global/workloadIdentityPools/do-aiparser-pool/providers/do-aiparser-oidc",
            "name": "projects/388889235558/locations/global/workloadIdentityPools/do-aiparser-pool/providers/do-aiparser-oidc",
            "oidc": [
              {
                "allowed_audiences": [],
                "issuer_uri": "https://token.actions.githubusercontent.com",
                "jwks_json": ""
              }
            ],
            "project": "work-mylab-machinelearning",
            "saml": [],
            "state": "ACTIVE",
            "timeouts": null,
            "workload_identity_pool_id": "do-aiparser-pool",
            "workload_identity_pool_provider_id": "do-aiparser-oidc",
            "x509": []
          },
          "sensitive_attributes": [],
          "identity_schema_version": 0,
          "private": "eyJlMmJmYjczMC1lY2FhLTExZTYtOGY4OC0zNDM2M2JjN2M0YzAiOnsiY3JlYXRlIjoxMjAwMDAwMDAwMDAwLCJkZWxldGUiOjEyMDAwMDAwMDAwMDAsInVwZGF0ZSI6MTIwMDAwMDAwMDAwMH19",
          "dependencies": [
            "google_iam_workload_identity_pool.github_pool",
            "google_project_service.cicd_services",
            "google_project_service.deploy_project_services"
          ]
        }
      ]
    },
    {
      "mode": "managed",
      "type": "google_project_iam_member",
      "name": "cicd_project_roles",
      "provider": "provider[\"registry.terraform.io/hashicorp/google\"]",
      "instances": [
        {
          "index_key": "roles/aiplatform.user",
          "schema_version": 0,
          "attributes": {
            "condition": [],
            "etag": "BwZQ+nkMsyA=",
            "id": "work-mylab-machinelearning/roles/aiplatform.user/serviceAccount:do-aiparser-cb@work-mylab-machinelearning.iam.gserviceaccount.com",
            "member": "serviceAccount:do-aiparser-cb@work-mylab-machinelearning.iam.gserviceaccount.com",
            "project": "work-mylab-machinelearning",
            "role": "roles/aiplatform.user"
          },
          "sensitive_attributes": [],
          "identity_schema_version": 0,
          "private": "bnVsbA==",
          "dependencies": [
            "google_project_service.cicd_services",
            "google_project_service.deploy_project_services",
            "google_service_account.cicd_runner_sa"
          ]
        },
        {
          "index_key": "roles/artifactregistry.writer",
          "schema_version": 0,
          "attributes": {
            "condition": [],
            "etag": "BwZQ+nkMsyA=",
            "id": "work-mylab-machinelearning/roles/artifactregistry.writer/serviceAccount:do-aiparser-cb@work-mylab-machinelearning.iam.gserviceaccount.com",
            "member": "serviceAccount:do-aiparser-cb@work-mylab-machinelearning.iam.gserviceaccount.com",
            "project": "work-mylab-machinelearning",
            "role": "roles/artifactregistry.writer"
          },
          "sensitive_attributes": [],
          "identity_schema_version": 0,
          "private": "bnVsbA==",
          "dependencies": [
            "google_project_service.cicd_services",
            "google_project_service.deploy_project_services",
            "google_service_account.cicd_runner_sa"
          ]
        },
        {
          "index_key": "roles/cloudbuild.builds.builder",
          "schema_version": 0,
          "attributes": {
            "condition": [],
            "etag": "BwZQ+nkMsyA=",
            "id": "work-mylab-machinelearning/roles/cloudbuild.builds.builder/serviceAccount:do-aiparser-cb@work-mylab-machinelearning.iam.gserviceaccount.com",
            "member": "serviceAccount:do-aiparser-cb@work-mylab-machinelearning.iam.gserviceaccount.com",
            "project": "work-mylab-machinelearning",
            "role": "roles/cloudbuild.builds.builder"
          },
          "sensitive_attributes": [],
          "identity_schema_version": 0,
          "private": "bnVsbA==",
          "dependencies": [
            "google_project_service.cicd_services",
            "google_project_service.deploy_project_services",
            "google_service_account.cicd_runner_sa"
          ]
        },
        {
          "index_key": "roles/cloudtrace.agent",
          "schema_version": 0,
          "attributes": {
            "condition": [],
            "etag": "BwZQ+nkMsyA=",
            "id": "work-mylab-machinelearning/roles/cloudtrace.agent/serviceAccount:do-aiparser-cb@work-mylab-machinelearning.iam.gserviceaccount.com",
            "member": "serviceAccount:do-aiparser-cb@work-mylab-machinelearning.iam.gserviceaccount.com",
            "project": "work-mylab-machinelearning",
            "role": "roles/cloudtrace.agent"
          },
          "sensitive_attributes": [],
          "identity_schema_version": 0,
          "private": "bnVsbA==",
          "dependencies": [
            "google_project_service.cicd_services",
            "google_project_service.deploy_project_services",
            "google_service_account.cicd_runner_sa"
          ]
        },
        {
          "index_key": "roles/logging.logWriter",
          "schema_version": 0,
          "attributes": {
            "condition": [],
            "etag": "BwZQ+nkMsyA=",
            "id": "work-mylab-machinelearning/roles/logging.logWriter/serviceAccount:do-aiparser-cb@work-mylab-machinelearning.iam.gserviceaccount.com",
            "member": "serviceAccount:do-aiparser-cb@work-mylab-machinelearning.iam.gserviceaccount.com",
            "project": "work-mylab-machinelearning",
            "role": "roles/logging.logWriter"
          },
          "sensitive_attributes": [],
          "identity_schema_version": 0,
          "private": "bnVsbA==",
          "dependencies": [
            "google_project_service.cicd_services",
            "google_project_service.deploy_project_services",
            "google_service_account.cicd_runner_sa"
          ]
        },
        {
          "index_key": "roles/run.invoker",
          "schema_version": 0,
          "attributes": {
            "condition": [],
            "etag": "BwZQ+nkMsyA=",
            "id": "work-mylab-machinelearning/roles/run.invoker/serviceAccount:do-aiparser-cb@work-mylab-machinelearning.iam.gserviceaccount.com",
            "member": "serviceAccount:do-aiparser-cb@work-mylab-machinelearning.iam.gserviceaccount.com",
            "project": "work-mylab-machinelearning",
            "role": "roles/run.invoker"
          },
          "sensitive_attributes": [],
          "identity_schema_version": 0,
          "private": "bnVsbA==",
          "dependencies": [
            "google_project_service.cicd_services",
            "google_project_service.deploy_project_services",
            "google_service_account.cicd_runner_sa"
          ]
        },
        {
          "index_key": "roles/storage.admin",
          "schema_version": 0,
          "attributes": {
            "condition": [],
            "etag": "BwZQ+nkMsyA=",
            "id": "work-mylab-machinelearning/roles/storage.admin/serviceAccount:do-aiparser-cb@work-mylab-machinelearning.iam.gserviceaccount.com",
            "member": "serviceAccount:do-aiparser-cb@work-mylab-machinelearning.iam.gserviceaccount.com",
            "project": "work-mylab-machinelearning",
            "role": "roles/storage.admin"
          },
          "sensitive_attributes": [],
          "identity_schema_version": 0,
          "private": "bnVsbA==",
          "dependencies": [
            "google_project_service.cicd_services",
            "google_project_service.deploy_project_services",
            "google_service_account.cicd_runner_sa"
          ]
        }
      ]
    },
    {
      "mode": "managed",
      "type": "google_project_iam_member",
      "name": "cicd_run_invoker_artifact_registry_reader",
      "provider": "provider[\"registry.terraform.io/hashicorp/google\"]",
      "instances": [
        {
          "index_key": "prod",
          "schema_version": 0,
          "attributes": {
            "condition": [],
            "etag": "BwZQ+nkMsyA=",
            "id": "work-mylab-machinelearning/roles/artifactregistry.reader/serviceAccount:service-388889235558@serverless-robot-prod.iam.gserviceaccount.com",
            "member": "serviceAccount:service-388889235558@serverless-robot-prod.iam.gserviceaccount.com",
            "project": "work-mylab-machinelearning",
            "role": "roles/artifactregistry.reader"
          },
          "sensitive_attributes": [],
          "identity_schema_version": 0,
          "private": "bnVsbA==",
          "dependencies": [
            "data.google_project.projects",
            "google_project_service.cicd_services",
            "google_project_service.deploy_project_services"
          ]
        },
        {
          "index_key": "staging",
          "schema_version": 0,
          "attributes": {
            "condition": [],
            "etag": "BwZQ+nkMsyA=",
            "id": "work-mylab-machinelearning/roles/artifactregistry.reader/serviceAccount:service-388889235558@serverless-robot-prod.iam.gserviceaccount.com",
            "member": "serviceAccount:service-388889235558@serverless-robot-prod.iam.gserviceaccount.com",
            "project": "work-mylab-machinelearning",
            "role": "roles/artifactregistry.reader"
          },
          "sensitive_attributes": [],
          "identity_schema_version": 0,
          "private": "bnVsbA==",
          "dependencies": [
            "data.google_project.projects",
            "google_project_service.cicd_services",
            "google_project_service.deploy_project_services"
          ]
        }
      ]
    },
    {
      "mode": "managed",
      "type": "google_project_iam_member",
      "name": "other_projects_roles",
      "provider": "provider[\"registry.terraform.io/hashicorp/google\"]",
      "instances": [
        {
          "index_key": "prod-roles/aiplatform.user",
          "schema_version": 0,
          "attributes": {
            "condition": [],
            "etag": "BwZQ+nkMsyA=",
            "id": "work-mylab-machinelearning/roles/aiplatform.user/serviceAccount:do-aiparser-cb@work-mylab-machinelearning.iam.gserviceaccount.com",
            "member": "serviceAccount:do-aiparser-cb@work-mylab-machinelearning.iam.gserviceaccount.com",
            "project": "work-mylab-machinelearning",
            "role": "roles/aiplatform.user"
          },
          "sensitive_attributes": [],
          "identity_schema_version": 0,
          "private": "bnVsbA==",
          "dependencies": [
            "google_project_service.cicd_services",
            "google_project_service.deploy_project_services",
            "google_service_account.cicd_runner_sa"
          ]
        },
        {
          "index_key": "prod-roles/artifactregistry.writer",
          "schema_version": 0,
          "attributes": {
            "condition": [],
            "etag": "BwZQ+nkMsyA=",
            "id": "work-mylab-machinelearning/roles/artifactregistry.writer/serviceAccount:do-aiparser-cb@work-mylab-machinelearning.iam.gserviceaccount.com",
            "member": "serviceAccount:do-aiparser-cb@work-mylab-machinelearning.iam.gserviceaccount.com",
            "project": "work-mylab-machinelearning",
            "role": "roles/artifactregistry.writer"
          },
          "sensitive_attributes": [],
          "identity_schema_version": 0,
          "private": "bnVsbA==",
          "dependencies": [
            "google_project_service.cicd_services",
            "google_project_service.deploy_project_services",
            "google_service_account.cicd_runner_sa"
          ]
        },
        {
          "index_key": "prod-roles/iam.serviceAccountUser",
          "schema_version": 0,
          "attributes": {
            "condition": [],
            "etag": "BwZQ+nkMsyA=",
            "id": "work-mylab-machinelearning/roles/iam.serviceAccountUser/serviceAccount:do-aiparser-cb@work-mylab-machinelearning.iam.gserviceaccount.com",
            "member": "serviceAccount:do-aiparser-cb@work-mylab-machinelearning.iam.gserviceaccount.com",
            "project": "work-mylab-machinelearning",
            "role": "roles/iam.serviceAccountUser"
          },
          "sensitive_attributes": [],
          "identity_schema_version": 0,
          "private": "bnVsbA==",
          "dependencies": [
            "google_project_service.cicd_services",
            "google_project_service.deploy_project_services",
            "google_service_account.cicd_runner_sa"
          ]
        },
        {
          "index_key": "prod-roles/run.developer",
          "schema_version": 0,
          "attributes": {
            "condition": [],
            "etag": "BwZQ+nkMsyA=",
            "id": "work-mylab-machinelearning/roles/run.developer/serviceAccount:do-aiparser-cb@work-mylab-machinelearning.iam.gserviceaccount.com",
            "member": "serviceAccount:do-aiparser-cb@work-mylab-machinelearning.iam.gserviceaccount.com",
            "project": "work-mylab-machinelearning",
            "role": "roles/run.developer"
          },
          "sensitive_attributes": [],
          "identity_schema_version": 0,
          "private": "bnVsbA==",
          "dependencies": [
            "google_project_service.cicd_services",
            "google_project_service.deploy_project_services",
            "google_service_account.cicd_runner_sa"
          ]
        },
        {
          "index_key": "prod-roles/secretmanager.secretAccessor",
          "schema_version": 0,
          "attributes": {
            "condition": [],
            "etag": "BwZQ+nkMsyA=",
            "id": "work-mylab-machinelearning/roles/secretmanager.secretAccessor/serviceAccount:do-aiparser-cb@work-mylab-machinelearning.iam.gserviceaccount.com",
            "member": "serviceAccount:do-aiparser-cb@work-mylab-machinelearning.iam.gserviceaccount.com",
            "project": "work-mylab-machinelearning",
            "role": "roles/secretmanager.secretAccessor"
          },
          "sensitive_attributes": [],
          "identity_schema_version": 0,
          "private": "bnVsbA==",
          "dependencies": [
            "google_project_service.cicd_services",
            "google_project_service.deploy_project_services",
            "google_service_account.cicd_runner_sa"
          ]
        },
        {
          "index_key": "prod-roles/storage.admin",
          "schema_version": 0,
          "attributes": {
            "condition": [],
            "etag": "BwZQ+nkMsyA=",
            "id": "work-mylab-machinelearning/roles/storage.admin/serviceAccount:do-aiparser-cb@work-mylab-machinelearning.iam.gserviceaccount.com",
            "member": "serviceAccount:do-aiparser-cb@work-mylab-machinelearning.iam.gserviceaccount.com",
            "project": "work-mylab-machinelearning",
            "role": "roles/storage.admin"
          },
          "sensitive_attributes": [],
          "identity_schema_version": 0,
          "private": "bnVsbA==",
          "dependencies": [
            "google_project_service.cicd_services",
            "google_project_service.deploy_project_services",
            "google_service_account.cicd_runner_sa"
          ]
        },
        {
          "index_key": "staging-roles/aiplatform.user",
          "schema_version": 0,
          "attributes": {
            "condition": [],
            "etag": "BwZQ+nkMsyA=",
            "id": "work-mylab-machinelearning/roles/aiplatform.user/serviceAccount:do-aiparser-cb@work-mylab-machinelearning.iam.gserviceaccount.com",
            "member": "serviceAccount:do-aiparser-cb@work-mylab-machinelearning.iam.gserviceaccount.com",
            "project": "work-mylab-machinelearning",
            "role": "roles/aiplatform.user"
          },
          "sensitive_attributes": [],
          "identity_schema_version": 0,
          "private": "bnVsbA==",
          "dependencies": [
            "google_project_service.cicd_services",
            "google_project_service.deploy_project_services",
            "google_service_account.cicd_runner_sa"
          ]
        },
        {
          "index_key": "staging-roles/artifactregistry.writer",
          "schema_version": 0,
          "attributes": {
            "condition": [],
            "etag": "BwZQ+nkMsyA=",
            "id": "work-mylab-machinelearning/roles/artifactregistry.writer/serviceAccount:do-aiparser-cb@work-mylab-machinelearning.iam.gserviceaccount.com",
            "member": "serviceAccount:do-aiparser-cb@work-mylab-machinelearning.iam.gserviceaccount.com",
            "project": "work-mylab-machinelearning",
            "role": "roles/artifactregistry.writer"
          },
          "sensitive_attributes": [],
          "identity_schema_version": 0,
          "private": "bnVsbA==",
          "dependencies": [
            "google_project_service.cicd_services",
            "google_project_service.deploy_project_services",
            "google_service_account.cicd_runner_sa"
          ]
        },
        {
          "index_key": "staging-roles/iam.serviceAccountUser",
          "schema_version": 0,
          "attributes": {
            "condition": [],
            "etag": "BwZQ+nkMsyA=",
            "id": "work-mylab-machinelearning/roles/iam.serviceAccountUser/serviceAccount:do-aiparser-cb@work-mylab-machinelearning.iam.gserviceaccount.com",
            "member": "serviceAccount:do-aiparser-cb@work-mylab-machinelearning.iam.gserviceaccount.com",
            "project": "work-mylab-machinelearning",
            "role": "roles/iam.serviceAccountUser"
          },
          "sensitive_attributes": [],
          "identity_schema_version": 0,
          "private": "bnVsbA==",
          "dependencies": [
            "google_project_service.cicd_services",
            "google_project_service.deploy_project_services",
            "google_service_account.cicd_runner_sa"
          ]
        },
        {
          "index_key": "staging-roles/run.developer",
          "schema_version": 0,
          "attributes": {
            "condition": [],
            "etag": "BwZQ+nkMsyA=",
            "id": "work-mylab-machinelearning/roles/run.developer/serviceAccount:do-aiparser-cb@work-mylab-machinelearning.iam.gserviceaccount.com",
            "member": "serviceAccount:do-aiparser-cb@work-mylab-machinelearning.iam.gserviceaccount.com",
            "project": "work-mylab-machinelearning",
            "role": "roles/run.developer"
          },
          "sensitive_attributes": [],
          "identity_schema_version": 0,
          "private": "bnVsbA==",
          "dependencies": [
            "google_project_service.cicd_services",
            "google_project_service.deploy_project_services",
            "google_service_account.cicd_runner_sa"
          ]
        },
        {
          "index_key": "staging-roles/secretmanager.secretAccessor",
          "schema_version": 0,
          "attributes": {
            "condition": [],
            "etag": "BwZQ+nkMsyA=",
            "id": "work-mylab-machinelearning/roles/secretmanager.secretAccessor/serviceAccount:do-aiparser-cb@work-mylab-machinelearning.iam.gserviceaccount.com",
            "member": "serviceAccount:do-aiparser-cb@work-mylab-machinelearning.iam.gserviceaccount.com",
            "project": "work-mylab-machinelearning",
            "role": "roles/secretmanager.secretAccessor"
          },
          "sensitive_attributes": [],
          "identity_schema_version": 0,
          "private": "bnVsbA==",
          "dependencies": [
            "google_project_service.cicd_services",
            "google_project_service.deploy_project_services",
            "google_service_account.cicd_runner_sa"
          ]
        },
        {
          "index_key": "staging-roles/storage.admin",
          "schema_version": 0,
          "attributes": {
            "condition": [],
            "etag": "BwZQ+nkMsyA=",
            "id": "work-mylab-machinelearning/roles/storage.admin/serviceAccount:do-aiparser-cb@work-mylab-machinelearning.iam.gserviceaccount.com",
            "member": "serviceAccount:do-aiparser-cb@work-mylab-machinelearning.iam.gserviceaccount.com",
            "project": "work-mylab-machinelearning",
            "role": "roles/storage.admin"
          },
          "sensitive_attributes": [],
          "identity_schema_version": 0,
          "private": "bnVsbA==",
          "dependencies": [
            "google_project_service.cicd_services",
            "google_project_service.deploy_project_services",
            "google_service_account.cicd_runner_sa"
          ]
        }
      ]
    },
    {
      "mode": "managed",
      "type": "google_project_service",
      "name": "cicd_cloud_resource_manager_api",
      "provider": "provider[\"registry.terraform.io/hashicorp/google\"]",
      "instances": [
        {
          "schema_version": 0,
          "attributes": {
            "disable_dependent_services": null,
            "disable_on_destroy": false,
            "id": "work-mylab-machinelearning/cloudresourcemanager.googleapis.com",
            "project": "work-mylab-machinelearning",
            "service": "cloudresourcemanager.googleapis.com",
            "timeouts": null
          },
          "sensitive_attributes": [],
          "identity_schema_version": 0,
          "private": "eyJlMmJmYjczMC1lY2FhLTExZTYtOGY4OC0zNDM2M2JjN2M0YzAiOnsiY3JlYXRlIjoxMjAwMDAwMDAwMDAwLCJkZWxldGUiOjEyMDAwMDAwMDAwMDAsInJlYWQiOjYwMDAwMDAwMDAwMCwidXBkYXRlIjoxMjAwMDAwMDAwMDAwfX0="
        }
      ]
    },
    {
      "mode": "managed",
      "type": "google_project_service",
      "name": "cicd_services",
      "provider": "provider[\"registry.terraform.io/hashicorp/google\"]",
      "instances": [
        {
          "index_key": 0,
          "schema_version": 0,
          "attributes": {
            "disable_dependent_services": null,
            "disable_on_destroy": false,
            "id": "work-mylab-machinelearning/artifactregistry.googleapis.com",
            "project": "work-mylab-machinelearning",
            "service": "artifactregistry.googleapis.com",
            "timeouts": null
          },
          "sensitive_attributes": [],
          "identity_schema_version": 0,
          "private": "eyJlMmJmYjczMC1lY2FhLTExZTYtOGY4OC0zNDM2M2JjN2M0YzAiOnsiY3JlYXRlIjoxMjAwMDAwMDAwMDAwLCJkZWxldGUiOjEyMDAwMDAwMDAwMDAsInJlYWQiOjYwMDAwMDAwMDAwMCwidXBkYXRlIjoxMjAwMDAwMDAwMDAwfX0="
        },
        {
          "index_key": 1,
          "schema_version": 0,
          "attributes": {
            "disable_dependent_services": null,
            "disable_on_destroy": false,
            "id": "work-mylab-machinelearning/cloudbuild.googleapis.com",
            "project": "work-mylab-machinelearning",
            "service": "cloudbuild.googleapis.com",
            "timeouts": null
          },
          "sensitive_attributes": [],
          "identity_schema_version": 0,
          "private": "eyJlMmJmYjczMC1lY2FhLTExZTYtOGY4OC0zNDM2M2JjN2M0YzAiOnsiY3JlYXRlIjoxMjAwMDAwMDAwMDAwLCJkZWxldGUiOjEyMDAwMDAwMDAwMDAsInJlYWQiOjYwMDAwMDAwMDAwMCwidXBkYXRlIjoxMjAwMDAwMDAwMDAwfX0="
        },
        {
          "index_key": 2,
          "schema_version": 0,
          "attributes": {
            "disable_dependent_services": null,
            "disable_on_destroy": false,
            "id": "work-mylab-machinelearning/aiplatform.googleapis.com",
            "project": "work-mylab-machinelearning",
            "service": "aiplatform.googleapis.com",
            "timeouts": null
          },
          "sensitive_attributes": [],
          "identity_schema_version": 0,
          "private": "eyJlMmJmYjczMC1lY2FhLTExZTYtOGY4OC0zNDM2M2JjN2M0YzAiOnsiY3JlYXRlIjoxMjAwMDAwMDAwMDAwLCJkZWxldGUiOjEyMDAwMDAwMDAwMDAsInJlYWQiOjYwMDAwMDAwMDAwMCwidXBkYXRlIjoxMjAwMDAwMDAwMDAwfX0="
        },
        {
          "index_key": 3,
          "schema_version": 0,
          "attributes": {
            "disable_dependent_services": null,
            "disable_on_destroy": false,
            "id": "work-mylab-machinelearning/serviceusage.googleapis.com",
            "project": "work-mylab-machinelearning",
            "service": "serviceusage.googleapis.com",
            "timeouts": null
          },
          "sensitive_attributes": [],
          "identity_schema_version": 0,
          "private": "eyJlMmJmYjczMC1lY2FhLTExZTYtOGY4OC0zNDM2M2JjN2M0YzAiOnsiY3JlYXRlIjoxMjAwMDAwMDAwMDAwLCJkZWxldGUiOjEyMDAwMDAwMDAwMDAsInJlYWQiOjYwMDAwMDAwMDAwMCwidXBkYXRlIjoxMjAwMDAwMDAwMDAwfX0="
        },
        {
          "index_key": 4,
          "schema_version": 0,
          "attributes": {
            "disable_dependent_services": null,
            "disable_on_destroy": false,
            "id": "work-mylab-machinelearning/bigquery.googleapis.com",
            "project": "work-mylab-machinelearning",
            "service": "bigquery.googleapis.com",
            "timeouts": null
          },
          "sensitive_attributes": [],
          "identity_schema_version": 0,
          "private": "eyJlMmJmYjczMC1lY2FhLTExZTYtOGY4OC0zNDM2M2JjN2M0YzAiOnsiY3JlYXRlIjoxMjAwMDAwMDAwMDAwLCJkZWxldGUiOjEyMDAwMDAwMDAwMDAsInJlYWQiOjYwMDAwMDAwMDAwMCwidXBkYXRlIjoxMjAwMDAwMDAwMDAwfX0="
        },
        {
          "index_key": 5,
          "schema_version": 0,
          "attributes": {
            "disable_dependent_services": null,
            "disable_on_destroy": false,
            "id": "work-mylab-machinelearning/cloudresourcemanager.googleapis.com",
            "project": "work-mylab-machinelearning",
            "service": "cloudresourcemanager.googleapis.com",
            "timeouts": null
          },
          "sensitive_attributes": [],
          "identity_schema_version": 0,
          "private": "eyJlMmJmYjczMC1lY2FhLTExZTYtOGY4OC0zNDM2M2JjN2M0YzAiOnsiY3JlYXRlIjoxMjAwMDAwMDAwMDAwLCJkZWxldGUiOjEyMDAwMDAwMDAwMDAsInJlYWQiOjYwMDAwMDAwMDAwMCwidXBkYXRlIjoxMjAwMDAwMDAwMDAwfX0="
        },
        {
          "index_key": 6,
          "schema_version": 0,
          "attributes": {
            "disable_dependent_services": null,
            "disable_on_destroy": false,
            "id": "work-mylab-machinelearning/cloudtrace.googleapis.com",
            "project": "work-mylab-machinelearning",
            "service": "cloudtrace.googleapis.com",
            "timeouts": null
          },
          "sensitive_attributes": [],
          "identity_schema_version": 0,
          "private": "eyJlMmJmYjczMC1lY2FhLTExZTYtOGY4OC0zNDM2M2JjN2M0YzAiOnsiY3JlYXRlIjoxMjAwMDAwMDAwMDAwLCJkZWxldGUiOjEyMDAwMDAwMDAwMDAsInJlYWQiOjYwMDAwMDAwMDAwMCwidXBkYXRlIjoxMjAwMDAwMDAwMDAwfX0="
        },
        {
          "index_key": 7,
          "schema_version": 0,
          "attributes": {
            "disable_dependent_services": null,
            "disable_on_destroy": false,
            "id": "work-mylab-machinelearning/telemetry.googleapis.com",
            "project": "work-mylab-machinelearning",
            "service": "telemetry.googleapis.com",
            "timeouts": null
          },
          "sensitive_attributes": [],
          "identity_schema_version": 0,
          "private": "eyJlMmJmYjczMC1lY2FhLTExZTYtOGY4OC0zNDM2M2JjN2M0YzAiOnsiY3JlYXRlIjoxMjAwMDAwMDAwMDAwLCJkZWxldGUiOjEyMDAwMDAwMDAwMDAsInJlYWQiOjYwMDAwMDAwMDAwMCwidXBkYXRlIjoxMjAwMDAwMDAwMDAwfX0="
        },
        {
          "index_key": 8,
          "schema_version": 0,
          "attributes": {
            "disable_dependent_services": null,
            "disable_on_destroy": false,
            "id": "work-mylab-machinelearning/sqladmin.googleapis.com",
            "project": "work-mylab-machinelearning",
            "service": "sqladmin.googleapis.com",
            "timeouts": null
          },
          "sensitive_attributes": [],
          "identity_schema_version": 0,
          "private": "eyJlMmJmYjczMC1lY2FhLTExZTYtOGY4OC0zNDM2M2JjN2M0YzAiOnsiY3JlYXRlIjoxMjAwMDAwMDAwMDAwLCJkZWxldGUiOjEyMDAwMDAwMDAwMDAsInJlYWQiOjYwMDAwMDAwMDAwMCwidXBkYXRlIjoxMjAwMDAwMDAwMDAwfX0="
        }
      ]
    },
    {
      "mode": "managed",
      "type": "google_project_service",
      "name": "deploy_project_services",
      "provider": "provider[\"registry.terraform.io/hashicorp/google\"]",
      "instances": [
        {
          "index_key": "prod_aiplatform_googleapis_com",
          "schema_version": 0,
          "attributes": {
            "disable_dependent_services": null,
            "disable_on_destroy": false,
            "id": "work-mylab-machinelearning/aiplatform.googleapis.com",
            "project": "work-mylab-machinelearning",
            "service": "aiplatform.googleapis.com",
            "timeouts": null
          },
          "sensitive_attributes": [],
          "identity_schema_version": 0,
          "private": "eyJlMmJmYjczMC1lY2FhLTExZTYtOGY4OC0zNDM2M2JjN2M0YzAiOnsiY3JlYXRlIjoxMjAwMDAwMDAwMDAwLCJkZWxldGUiOjEyMDAwMDAwMDAwMDAsInJlYWQiOjYwMDAwMDAwMDAwMCwidXBkYXRlIjoxMjAwMDAwMDAwMDAwfX0="
        },
        {
          "index_key": "prod_bigquery_googleapis_com",
          "schema_version": 0,
          "attributes": {
            "disable_dependent_services": null,
            "disable_on_destroy": false,
            "id": "work-mylab-machinelearning/bigquery.googleapis.com",
            "project": "work-mylab-machinelearning",
            "service": "bigquery.googleapis.com",
            "timeouts": null
          },
          "sensitive_attributes": [],
          "identity_schema_version": 0,
          "private": "eyJlMmJmYjczMC1lY2FhLTExZTYtOGY4OC0zNDM2M2JjN2M0YzAiOnsiY3JlYXRlIjoxMjAwMDAwMDAwMDAwLCJkZWxldGUiOjEyMDAwMDAwMDAwMDAsInJlYWQiOjYwMDAwMDAwMDAwMCwidXBkYXRlIjoxMjAwMDAwMDAwMDAwfX0="
        },
        {
          "index_key": "prod_cloudbuild_googleapis_com",
          "schema_version": 0,
          "attributes": {
            "disable_dependent_services": null,
            "disable_on_destroy": false,
            "id": "work-mylab-machinelearning/cloudbuild.googleapis.com",
            "project": "work-mylab-machinelearning",
            "service": "cloudbuild.googleapis.com",
            "timeouts": null
          },
          "sensitive_attributes": [],
          "identity_schema_version": 0,
          "private": "eyJlMmJmYjczMC1lY2FhLTExZTYtOGY4OC0zNDM2M2JjN2M0YzAiOnsiY3JlYXRlIjoxMjAwMDAwMDAwMDAwLCJkZWxldGUiOjEyMDAwMDAwMDAwMDAsInJlYWQiOjYwMDAwMDAwMDAwMCwidXBkYXRlIjoxMjAwMDAwMDAwMDAwfX0="
        },
        {
          "index_key": "prod_cloudresourcemanager_googleapis_com",
          "schema_version": 0,
          "attributes": {
            "disable_dependent_services": null,
            "disable_on_destroy": false,
            "id": "work-mylab-machinelearning/cloudresourcemanager.googleapis.com",
            "project": "work-mylab-machinelearning",
            "service": "cloudresourcemanager.googleapis.com",
            "timeouts": null
          },
          "sensitive_attributes": [],
          "identity_schema_version": 0,
          "private": "eyJlMmJmYjczMC1lY2FhLTExZTYtOGY4OC0zNDM2M2JjN2M0YzAiOnsiY3JlYXRlIjoxMjAwMDAwMDAwMDAwLCJkZWxldGUiOjEyMDAwMDAwMDAwMDAsInJlYWQiOjYwMDAwMDAwMDAwMCwidXBkYXRlIjoxMjAwMDAwMDAwMDAwfX0="
        },
        {
          "index_key": "prod_cloudtrace_googleapis_com",
          "schema_version": 0,
          "attributes": {
            "disable_dependent_services": null,
            "disable_on_destroy": false,
            "id": "work-mylab-machinelearning/cloudtrace.googleapis.com",
            "project": "work-mylab-machinelearning",
            "service": "cloudtrace.googleapis.com",
            "timeouts": null
          },
          "sensitive_attributes": [],
          "identity_schema_version": 0,
          "private": "eyJlMmJmYjczMC1lY2FhLTExZTYtOGY4OC0zNDM2M2JjN2M0YzAiOnsiY3JlYXRlIjoxMjAwMDAwMDAwMDAwLCJkZWxldGUiOjEyMDAwMDAwMDAwMDAsInJlYWQiOjYwMDAwMDAwMDAwMCwidXBkYXRlIjoxMjAwMDAwMDAwMDAwfX0="
        },
        {
          "index_key": "prod_iam_googleapis_com",
          "schema_version": 0,
          "attributes": {
            "disable_dependent_services": null,
            "disable_on_destroy": false,
            "id": "work-mylab-machinelearning/iam.googleapis.com",
            "project": "work-mylab-machinelearning",
            "service": "iam.googleapis.com",
            "timeouts": null
          },
          "sensitive_attributes": [],
          "identity_schema_version": 0,
          "private": "eyJlMmJmYjczMC1lY2FhLTExZTYtOGY4OC0zNDM2M2JjN2M0YzAiOnsiY3JlYXRlIjoxMjAwMDAwMDAwMDAwLCJkZWxldGUiOjEyMDAwMDAwMDAwMDAsInJlYWQiOjYwMDAwMDAwMDAwMCwidXBkYXRlIjoxMjAwMDAwMDAwMDAwfX0="
        },
        {
          "index_key": "prod_logging_googleapis_com",
          "schema_version": 0,
          "attributes": {
            "disable_dependent_services": null,
            "disable_on_destroy": false,
            "id": "work-mylab-machinelearning/logging.googleapis.com",
            "project": "work-mylab-machinelearning",
            "service": "logging.googleapis.com",
            "timeouts": null
          },
          "sensitive_attributes": [],
          "identity_schema_version": 0,
          "private": "eyJlMmJmYjczMC1lY2FhLTExZTYtOGY4OC0zNDM2M2JjN2M0YzAiOnsiY3JlYXRlIjoxMjAwMDAwMDAwMDAwLCJkZWxldGUiOjEyMDAwMDAwMDAwMDAsInJlYWQiOjYwMDAwMDAwMDAwMCwidXBkYXRlIjoxMjAwMDAwMDAwMDAwfX0="
        },
        {
          "index_key": "prod_run_googleapis_com",
          "schema_version": 0,
          "attributes": {
            "disable_dependent_services": null,
            "disable_on_destroy": false,
            "id": "work-mylab-machinelearning/run.googleapis.com",
            "project": "work-mylab-machinelearning",
            "service": "run.googleapis.com",
            "timeouts": null
          },
          "sensitive_attributes": [],
          "identity_schema_version": 0,
          "private": "eyJlMmJmYjczMC1lY2FhLTExZTYtOGY4OC0zNDM2M2JjN2M0YzAiOnsiY3JlYXRlIjoxMjAwMDAwMDAwMDAwLCJkZWxldGUiOjEyMDAwMDAwMDAwMDAsInJlYWQiOjYwMDAwMDAwMDAwMCwidXBkYXRlIjoxMjAwMDAwMDAwMDAwfX0="
        },
        {
          "index_key": "prod_secretmanager_googleapis_com",
          "schema_version": 0,
          "attributes": {
            "disable_dependent_services": null,
            "disable_on_destroy": false,
            "id": "work-mylab-machinelearning/secretmanager.googleapis.com",
            "project": "work-mylab-machinelearning",
            "service": "secretmanager.googleapis.com",
            "timeouts": null
          },
          "sensitive_attributes": [],
          "identity_schema_version": 0,
          "private": "eyJlMmJmYjczMC1lY2FhLTExZTYtOGY4OC0zNDM2M2JjN2M0YzAiOnsiY3JlYXRlIjoxMjAwMDAwMDAwMDAwLCJkZWxldGUiOjEyMDAwMDAwMDAwMDAsInJlYWQiOjYwMDAwMDAwMDAwMCwidXBkYXRlIjoxMjAwMDAwMDAwMDAwfX0="
        },
        {
          "index_key": "prod_serviceusage_googleapis_com",
          "schema_version": 0,
          "attributes": {
            "disable_dependent_services": null,
            "disable_on_destroy": false,
            "id": "work-mylab-machinelearning/serviceusage.googleapis.com",
            "project": "work-mylab-machinelearning",
            "service": "serviceusage.googleapis.com",
            "timeouts": null
          },
          "sensitive_attributes": [],
          "identity_schema_version": 0,
          "private": "eyJlMmJmYjczMC1lY2FhLTExZTYtOGY4OC0zNDM2M2JjN2M0YzAiOnsiY3JlYXRlIjoxMjAwMDAwMDAwMDAwLCJkZWxldGUiOjEyMDAwMDAwMDAwMDAsInJlYWQiOjYwMDAwMDAwMDAwMCwidXBkYXRlIjoxMjAwMDAwMDAwMDAwfX0="
        },
        {
          "index_key": "prod_sqladmin_googleapis_com",
          "schema_version": 0,
          "attributes": {
            "disable_dependent_services": null,
            "disable_on_destroy": false,
            "id": "work-mylab-machinelearning/sqladmin.googleapis.com",
            "project": "work-mylab-machinelearning",
            "service": "sqladmin.googleapis.com",
            "timeouts": null
          },
          "sensitive_attributes": [],
          "identity_schema_version": 0,
          "private": "eyJlMmJmYjczMC1lY2FhLTExZTYtOGY4OC0zNDM2M2JjN2M0YzAiOnsiY3JlYXRlIjoxMjAwMDAwMDAwMDAwLCJkZWxldGUiOjEyMDAwMDAwMDAwMDAsInJlYWQiOjYwMDAwMDAwMDAwMCwidXBkYXRlIjoxMjAwMDAwMDAwMDAwfX0="
        },
        {
          "index_key": "prod_telemetry_googleapis_com",
          "schema_version": 0,
          "attributes": {
            "disable_dependent_services": null,
            "disable_on_destroy": false,
            "id": "work-mylab-machinelearning/telemetry.googleapis.com",
            "project": "work-mylab-machinelearning",
            "service": "telemetry.googleapis.com",
            "timeouts": null
          },
          "sensitive_attributes": [],
          "identity_schema_version": 0,
          "private": "eyJlMmJmYjczMC1lY2FhLTExZTYtOGY4OC0zNDM2M2JjN2M0YzAiOnsiY3JlYXRlIjoxMjAwMDAwMDAwMDAwLCJkZWxldGUiOjEyMDAwMDAwMDAwMDAsInJlYWQiOjYwMDAwMDAwMDAwMCwidXBkYXRlIjoxMjAwMDAwMDAwMDAwfX0="
        },
        {
          "index_key": "staging_aiplatform_googleapis_com",
          "schema_version": 0,
          "attributes": {
            "disable_dependent_services": null,
            "disable_on_destroy": false,
            "id": "work-mylab-machinelearning/aiplatform.googleapis.com",
            "project": "work-mylab-machinelearning",
            "service": "aiplatform.googleapis.com",
            "timeouts": null
          },
          "sensitive_attributes": [],
          "identity_schema_version": 0,
          "private": "eyJlMmJmYjczMC1lY2FhLTExZTYtOGY4OC0zNDM2M2JjN2M0YzAiOnsiY3JlYXRlIjoxMjAwMDAwMDAwMDAwLCJkZWxldGUiOjEyMDAwMDAwMDAwMDAsInJlYWQiOjYwMDAwMDAwMDAwMCwidXBkYXRlIjoxMjAwMDAwMDAwMDAwfX0="
        },
        {
          "index_key": "staging_bigquery_googleapis_com",
          "schema_version": 0,
          "attributes": {
            "disable_dependent_services": null,
            "disable_on_destroy": false,
            "id": "work-mylab-machinelearning/bigquery.googleapis.com",
            "project": "work-mylab-machinelearning",
            "service": "bigquery.googleapis.com",
            "timeouts": null
          },
          "sensitive_attributes": [],
          "identity_schema_version": 0,
          "private": "eyJlMmJmYjczMC1lY2FhLTExZTYtOGY4OC0zNDM2M2JjN2M0YzAiOnsiY3JlYXRlIjoxMjAwMDAwMDAwMDAwLCJkZWxldGUiOjEyMDAwMDAwMDAwMDAsInJlYWQiOjYwMDAwMDAwMDAwMCwidXBkYXRlIjoxMjAwMDAwMDAwMDAwfX0="
        },
        {
          "index_key": "staging_cloudbuild_googleapis_com",
          "schema_version": 0,
          "attributes": {
            "disable_dependent_services": null,
            "disable_on_destroy": false,
            "id": "work-mylab-machinelearning/cloudbuild.googleapis.com",
            "project": "work-mylab-machinelearning",
            "service": "cloudbuild.googleapis.com",
            "timeouts": null
          },
          "sensitive_attributes": [],
          "identity_schema_version": 0,
          "private": "eyJlMmJmYjczMC1lY2FhLTExZTYtOGY4OC0zNDM2M2JjN2M0YzAiOnsiY3JlYXRlIjoxMjAwMDAwMDAwMDAwLCJkZWxldGUiOjEyMDAwMDAwMDAwMDAsInJlYWQiOjYwMDAwMDAwMDAwMCwidXBkYXRlIjoxMjAwMDAwMDAwMDAwfX0="
        },
        {
          "index_key": "staging_cloudresourcemanager_googleapis_com",
          "schema_version": 0,
          "attributes": {
            "disable_dependent_services": null,
            "disable_on_destroy": false,
            "id": "work-mylab-machinelearning/cloudresourcemanager.googleapis.com",
            "project": "work-mylab-machinelearning",
            "service": "cloudresourcemanager.googleapis.com",
            "timeouts": null
          },
          "sensitive_attributes": [],
          "identity_schema_version": 0,
          "private": "eyJlMmJmYjczMC1lY2FhLTExZTYtOGY4OC0zNDM2M2JjN2M0YzAiOnsiY3JlYXRlIjoxMjAwMDAwMDAwMDAwLCJkZWxldGUiOjEyMDAwMDAwMDAwMDAsInJlYWQiOjYwMDAwMDAwMDAwMCwidXBkYXRlIjoxMjAwMDAwMDAwMDAwfX0="
        },
        {
          "index_key": "staging_cloudtrace_googleapis_com",
          "schema_version": 0,
          "attributes": {
            "disable_dependent_services": null,
            "disable_on_destroy": false,
            "id": "work-mylab-machinelearning/cloudtrace.googleapis.com",
            "project": "work-mylab-machinelearning",
            "service": "cloudtrace.googleapis.com",
            "timeouts": null
          },
          "sensitive_attributes": [],
          "identity_schema_version": 0,
          "private": "eyJlMmJmYjczMC1lY2FhLTExZTYtOGY4OC0zNDM2M2JjN2M0YzAiOnsiY3JlYXRlIjoxMjAwMDAwMDAwMDAwLCJkZWxldGUiOjEyMDAwMDAwMDAwMDAsInJlYWQiOjYwMDAwMDAwMDAwMCwidXBkYXRlIjoxMjAwMDAwMDAwMDAwfX0="
        },
        {
          "index_key": "staging_iam_googleapis_com",
          "schema_version": 0,
          "attributes": {
            "disable_dependent_services": null,
            "disable_on_destroy": false,
            "id": "work-mylab-machinelearning/iam.googleapis.com",
            "project": "work-mylab-machinelearning",
            "service": "iam.googleapis.com",
            "timeouts": null
          },
          "sensitive_attributes": [],
          "identity_schema_version": 0,
          "private": "eyJlMmJmYjczMC1lY2FhLTExZTYtOGY4OC0zNDM2M2JjN2M0YzAiOnsiY3JlYXRlIjoxMjAwMDAwMDAwMDAwLCJkZWxldGUiOjEyMDAwMDAwMDAwMDAsInJlYWQiOjYwMDAwMDAwMDAwMCwidXBkYXRlIjoxMjAwMDAwMDAwMDAwfX0="
        },
        {
          "index_key": "staging_logging_googleapis_com",
          "schema_version": 0,
          "attributes": {
            "disable_dependent_services": null,
            "disable_on_destroy": false,
            "id": "work-mylab-machinelearning/logging.googleapis.com",
            "project": "work-mylab-machinelearning",
            "service": "logging.googleapis.com",
            "timeouts": null
          },
          "sensitive_attributes": [],
          "identity_schema_version": 0,
          "private": "eyJlMmJmYjczMC1lY2FhLTExZTYtOGY4OC0zNDM2M2JjN2M0YzAiOnsiY3JlYXRlIjoxMjAwMDAwMDAwMDAwLCJkZWxldGUiOjEyMDAwMDAwMDAwMDAsInJlYWQiOjYwMDAwMDAwMDAwMCwidXBkYXRlIjoxMjAwMDAwMDAwMDAwfX0="
        },
        {
          "index_key": "staging_run_googleapis_com",
          "schema_version": 0,
          "attributes": {
            "disable_dependent_services": null,
            "disable_on_destroy": false,
            "id": "work-mylab-machinelearning/run.googleapis.com",
            "project": "work-mylab-machinelearning",
            "service": "run.googleapis.com",
            "timeouts": null
          },
          "sensitive_attributes": [],
          "identity_schema_version": 0,
          "private": "eyJlMmJmYjczMC1lY2FhLTExZTYtOGY4OC0zNDM2M2JjN2M0YzAiOnsiY3JlYXRlIjoxMjAwMDAwMDAwMDAwLCJkZWxldGUiOjEyMDAwMDAwMDAwMDAsInJlYWQiOjYwMDAwMDAwMDAwMCwidXBkYXRlIjoxMjAwMDAwMDAwMDAwfX0="
        },
        {
          "index_key": "staging_secretmanager_googleapis_com",
          "schema_version": 0,
          "attributes": {
            "disable_dependent_services": null,
            "disable_on_destroy": false,
            "id": "work-mylab-machinelearning/secretmanager.googleapis.com",
            "project": "work-mylab-machinelearning",
            "service": "secretmanager.googleapis.com",
            "timeouts": null
          },
          "sensitive_attributes": [],
          "identity_schema_version": 0,
          "private": "eyJlMmJmYjczMC1lY2FhLTExZTYtOGY4OC0zNDM2M2JjN2M0YzAiOnsiY3JlYXRlIjoxMjAwMDAwMDAwMDAwLCJkZWxldGUiOjEyMDAwMDAwMDAwMDAsInJlYWQiOjYwMDAwMDAwMDAwMCwidXBkYXRlIjoxMjAwMDAwMDAwMDAwfX0="
        },
        {
          "index_key": "staging_serviceusage_googleapis_com",
          "schema_version": 0,
          "attributes": {
            "disable_dependent_services": null,
            "disable_on_destroy": false,
            "id": "work-mylab-machinelearning/serviceusage.googleapis.com",
            "project": "work-mylab-machinelearning",
            "service": "serviceusage.googleapis.com",
            "timeouts": null
          },
          "sensitive_attributes": [],
          "identity_schema_version": 0,
          "private": "eyJlMmJmYjczMC1lY2FhLTExZTYtOGY4OC0zNDM2M2JjN2M0YzAiOnsiY3JlYXRlIjoxMjAwMDAwMDAwMDAwLCJkZWxldGUiOjEyMDAwMDAwMDAwMDAsInJlYWQiOjYwMDAwMDAwMDAwMCwidXBkYXRlIjoxMjAwMDAwMDAwMDAwfX0="
        },
        {
          "index_key": "staging_sqladmin_googleapis_com",
          "schema_version": 0,
          "attributes": {
            "disable_dependent_services": null,
            "disable_on_destroy": false,
            "id": "work-mylab-machinelearning/sqladmin.googleapis.com",
            "project": "work-mylab-machinelearning",
            "service": "sqladmin.googleapis.com",
            "timeouts": null
          },
          "sensitive_attributes": [],
          "identity_schema_version": 0,
          "private": "eyJlMmJmYjczMC1lY2FhLTExZTYtOGY4OC0zNDM2M2JjN2M0YzAiOnsiY3JlYXRlIjoxMjAwMDAwMDAwMDAwLCJkZWxldGUiOjEyMDAwMDAwMDAwMDAsInJlYWQiOjYwMDAwMDAwMDAwMCwidXBkYXRlIjoxMjAwMDAwMDAwMDAwfX0="
        },
        {
          "index_key": "staging_telemetry_googleapis_com",
          "schema_version": 0,
          "attributes": {
            "disable_dependent_services": null,
            "disable_on_destroy": false,
            "id": "work-mylab-machinelearning/telemetry.googleapis.com",
            "project": "work-mylab-machinelearning",
            "service": "telemetry.googleapis.com",
            "timeouts": null
          },
          "sensitive_attributes": [],
          "identity_schema_version": 0,
          "private": "eyJlMmJmYjczMC1lY2FhLTExZTYtOGY4OC0zNDM2M2JjN2M0YzAiOnsiY3JlYXRlIjoxMjAwMDAwMDAwMDAwLCJkZWxldGUiOjEyMDAwMDAwMDAwMDAsInJlYWQiOjYwMDAwMDAwMDAwMCwidXBkYXRlIjoxMjAwMDAwMDAwMDAwfX0="
        }
      ]
    },
    {
      "mode": "managed",
      "type": "google_secret_manager_secret",
      "name": "db_password",
      "provider": "provider[\"registry.terraform.io/hashicorp/google\"]",
      "instances": [
        {
          "index_key": "staging",
          "schema_version": 0,
          "attributes": {
            "annotations": {},
            "create_time": "2026-05-04T09:21:47.945106Z",
            "deletion_protection": false,
            "effective_annotations": {},
            "effective_labels": {
              "goog-terraform-provisioned": "true"
            },
            "expire_time": "",
            "id": "projects/work-mylab-machinelearning/secrets/do-aiparser-db-password",
            "labels": {},
            "name": "projects/388889235558/secrets/do-aiparser-db-password",
            "project": "work-mylab-machinelearning",
            "replication": [
              {
                "auto": [
                  {
                    "customer_managed_encryption": []
                  }
                ],
                "user_managed": []
              }
            ],
            "rotation": [],
            "secret_id": "do-aiparser-db-password",
            "tags": null,
            "terraform_labels": {
              "goog-terraform-provisioned": "true"
            },
            "timeouts": null,
            "topics": [],
            "ttl": null,
            "version_aliases": {},
            "version_destroy_ttl": ""
          },
          "sensitive_attributes": [],
          "identity_schema_version": 0,
          "private": "eyJlMmJmYjczMC1lY2FhLTExZTYtOGY4OC0zNDM2M2JjN2M0YzAiOnsiY3JlYXRlIjoxMjAwMDAwMDAwMDAwLCJkZWxldGUiOjEyMDAwMDAwMDAwMDAsInVwZGF0ZSI6MTIwMDAwMDAwMDAwMH19",
          "dependencies": [
            "google_project_service.deploy_project_services"
          ]
        }
      ]
    },
    {
      "mode": "managed",
      "type": "google_service_account",
      "name": "app_sa",
      "provider": "provider[\"registry.terraform.io/hashicorp/google\"]",
      "instances": [
        {
          "index_key": "prod",
          "schema_version": 0,
          "attributes": {
            "account_id": "do-aiparser-app",
            "create_ignore_already_exists": null,
            "description": "",
            "disabled": false,
            "display_name": "do-aiparser Agent Service Account",
            "email": "do-aiparser-app@work-mylab-machinelearning.iam.gserviceaccount.com",
            "id": "projects/work-mylab-machinelearning/serviceAccounts/do-aiparser-app@work-mylab-machinelearning.iam.gserviceaccount.com",
            "member": "serviceAccount:do-aiparser-app@work-mylab-machinelearning.iam.gserviceaccount.com",
            "name": "projects/work-mylab-machinelearning/serviceAccounts/do-aiparser-app@work-mylab-machinelearning.iam.gserviceaccount.com",
            "project": "work-mylab-machinelearning",
            "timeouts": null,
            "unique_id": "114341298341358538111"
          },
          "sensitive_attributes": [],
          "identity_schema_version": 0,
          "private": "eyJlMmJmYjczMC1lY2FhLTExZTYtOGY4OC0zNDM2M2JjN2M0YzAiOnsiY3JlYXRlIjozMDAwMDAwMDAwMDB9fQ==",
          "dependencies": [
            "google_project_service.cicd_services",
            "google_project_service.deploy_project_services"
          ]
        }
      ]
    },
    {
      "mode": "managed",
      "type": "google_service_account",
      "name": "cicd_runner_sa",
      "provider": "provider[\"registry.terraform.io/hashicorp/google\"]",
      "instances": [
        {
          "schema_version": 0,
          "attributes": {
            "account_id": "do-aiparser-cb",
            "create_ignore_already_exists": null,
            "description": "",
            "disabled": false,
            "display_name": "CICD Runner SA",
            "email": "do-aiparser-cb@work-mylab-machinelearning.iam.gserviceaccount.com",
            "id": "projects/work-mylab-machinelearning/serviceAccounts/do-aiparser-cb@work-mylab-machinelearning.iam.gserviceaccount.com",
            "member": "serviceAccount:do-aiparser-cb@work-mylab-machinelearning.iam.gserviceaccount.com",
            "name": "projects/work-mylab-machinelearning/serviceAccounts/do-aiparser-cb@work-mylab-machinelearning.iam.gserviceaccount.com",
            "project": "work-mylab-machinelearning",
            "timeouts": null,
            "unique_id": "109368895829604575637"
          },
          "sensitive_attributes": [],
          "identity_schema_version": 0,
          "private": "eyJlMmJmYjczMC1lY2FhLTExZTYtOGY4OC0zNDM2M2JjN2M0YzAiOnsiY3JlYXRlIjozMDAwMDAwMDAwMDB9fQ==",
          "dependencies": [
            "google_project_service.cicd_services",
            "google_project_service.deploy_project_services"
          ]
        }
      ]
    },
    {
      "mode": "managed",
      "type": "google_service_account_iam_member",
      "name": "cicd_run_invoker_account_user",
      "provider": "provider[\"registry.terraform.io/hashicorp/google\"]",
      "instances": [
        {
          "schema_version": 0,
          "attributes": {
            "condition": [],
            "etag": "BwZQ+nkrFgM=",
            "id": "projects/work-mylab-machinelearning/serviceAccounts/do-aiparser-cb@work-mylab-machinelearning.iam.gserviceaccount.com/roles/iam.serviceAccountUser/serviceAccount:do-aiparser-cb@work-mylab-machinelearning.iam.gserviceaccount.com",
            "member": "serviceAccount:do-aiparser-cb@work-mylab-machinelearning.iam.gserviceaccount.com",
            "role": "roles/iam.serviceAccountUser",
            "service_account_id": "projects/work-mylab-machinelearning/serviceAccounts/do-aiparser-cb@work-mylab-machinelearning.iam.gserviceaccount.com"
          },
          "sensitive_attributes": [],
          "identity_schema_version": 0,
          "private": "bnVsbA==",
          "dependencies": [
            "google_project_service.cicd_services",
            "google_project_service.deploy_project_services",
            "google_service_account.cicd_runner_sa"
          ]
        }
      ]
    },
    {
      "mode": "managed",
      "type": "google_service_account_iam_member",
      "name": "cicd_run_invoker_token_creator",
      "provider": "provider[\"registry.terraform.io/hashicorp/google\"]",
      "instances": [
        {
          "schema_version": 0,
          "attributes": {
            "condition": [],
            "etag": "BwZQ+nkrFgM=",
            "id": "projects/work-mylab-machinelearning/serviceAccounts/do-aiparser-cb@work-mylab-machinelearning.iam.gserviceaccount.com/roles/iam.serviceAccountTokenCreator/serviceAccount:do-aiparser-cb@work-mylab-machinelearning.iam.gserviceaccount.com",
            "member": "serviceAccount:do-aiparser-cb@work-mylab-machinelearning.iam.gserviceaccount.com",
            "role": "roles/iam.serviceAccountTokenCreator",
            "service_account_id": "projects/work-mylab-machinelearning/serviceAccounts/do-aiparser-cb@work-mylab-machinelearning.iam.gserviceaccount.com"
          },
          "sensitive_attributes": [],
          "identity_schema_version": 0,
          "private": "bnVsbA==",
          "dependencies": [
            "google_project_service.cicd_services",
            "google_project_service.deploy_project_services",
            "google_service_account.cicd_runner_sa"
          ]
        }
      ]
    },
    {
      "mode": "managed",
      "type": "google_service_account_iam_member",
      "name": "github_oidc_access",
      "provider": "provider[\"registry.terraform.io/hashicorp/google\"]",
      "instances": [
        {
          "schema_version": 0,
          "attributes": {
            "condition": [],
            "etag": "BwZQ+nkrFgM=",
            "id": "projects/work-mylab-machinelearning/serviceAccounts/do-aiparser-cb@work-mylab-machinelearning.iam.gserviceaccount.com/roles/iam.workloadIdentityUser/principalSet://iam.googleapis.com/projects/388889235558/locations/global/workloadIdentityPools/do-aiparser-pool/attribute.repository/do-priyambodo/do-aiparser",
            "member": "principalSet://iam.googleapis.com/projects/388889235558/locations/global/workloadIdentityPools/do-aiparser-pool/attribute.repository/do-priyambodo/do-aiparser",
            "role": "roles/iam.workloadIdentityUser",
            "service_account_id": "projects/work-mylab-machinelearning/serviceAccounts/do-aiparser-cb@work-mylab-machinelearning.iam.gserviceaccount.com"
          },
          "sensitive_attributes": [],
          "identity_schema_version": 0,
          "private": "bnVsbA==",
          "dependencies": [
            "data.google_project.cicd_project",
            "google_iam_workload_identity_pool.github_pool",
            "google_project_service.cicd_services",
            "google_project_service.deploy_project_services",
            "google_service_account.cicd_runner_sa"
          ]
        }
      ]
    },
    {
      "mode": "managed",
      "type": "google_service_account_iam_member",
      "name": "github_sa_impersonation",
      "provider": "provider[\"registry.terraform.io/hashicorp/google\"]",
      "instances": [
        {
          "schema_version": 0,
          "attributes": {
            "condition": [],
            "etag": "BwZQ+nkrFgM=",
            "id": "projects/work-mylab-machinelearning/serviceAccounts/do-aiparser-cb@work-mylab-machinelearning.iam.gserviceaccount.com/roles/iam.serviceAccountTokenCreator/principalSet://iam.googleapis.com/projects/388889235558/locations/global/workloadIdentityPools/do-aiparser-pool/attribute.repository/do-priyambodo/do-aiparser",
            "member": "principalSet://iam.googleapis.com/projects/388889235558/locations/global/workloadIdentityPools/do-aiparser-pool/attribute.repository/do-priyambodo/do-aiparser",
            "role": "roles/iam.serviceAccountTokenCreator",
            "service_account_id": "projects/work-mylab-machinelearning/serviceAccounts/do-aiparser-cb@work-mylab-machinelearning.iam.gserviceaccount.com"
          },
          "sensitive_attributes": [],
          "identity_schema_version": 0,
          "private": "bnVsbA==",
          "dependencies": [
            "data.google_project.cicd_project",
            "google_iam_workload_identity_pool.github_pool",
            "google_project_service.cicd_services",
            "google_project_service.deploy_project_services",
            "google_service_account.cicd_runner_sa"
          ]
        }
      ]
    },
    {
      "mode": "managed",
      "type": "google_sql_database",
      "name": "database",
      "provider": "provider[\"registry.terraform.io/hashicorp/google\"]",
      "instances": [
        {
          "index_key": "prod",
          "schema_version": 0,
          "attributes": {
            "charset": "UTF8",
            "collation": "en_US.UTF8",
            "deletion_policy": "DELETE",
            "id": "projects/work-mylab-machinelearning/instances/do-aiparser-db-prod/databases/do-aiparser",
            "instance": "do-aiparser-db-prod",
            "name": "do-aiparser",
            "project": "work-mylab-machinelearning",
            "self_link": "https://sqladmin.googleapis.com/sql/v1beta4/projects/work-mylab-machinelearning/instances/do-aiparser-db-prod/databases/do-aiparser",
            "timeouts": null
          },
          "sensitive_attributes": [],
          "identity_schema_version": 0,
          "private": "eyJlMmJmYjczMC1lY2FhLTExZTYtOGY4OC0zNDM2M2JjN2M0YzAiOnsiY3JlYXRlIjoxMjAwMDAwMDAwMDAwLCJkZWxldGUiOjEyMDAwMDAwMDAwMDAsInVwZGF0ZSI6MTIwMDAwMDAwMDAwMH19",
          "dependencies": [
            "google_project_service.deploy_project_services",
            "google_sql_database_instance.session_db"
          ]
        },
        {
          "index_key": "staging",
          "schema_version": 0,
          "attributes": {
            "charset": "UTF8",
            "collation": "en_US.UTF8",
            "deletion_policy": "DELETE",
            "id": "projects/work-mylab-machinelearning/instances/do-aiparser-db-staging/databases/do-aiparser",
            "instance": "do-aiparser-db-staging",
            "name": "do-aiparser",
            "project": "work-mylab-machinelearning",
            "self_link": "https://sqladmin.googleapis.com/sql/v1beta4/projects/work-mylab-machinelearning/instances/do-aiparser-db-staging/databases/do-aiparser",
            "timeouts": null
          },
          "sensitive_attributes": [],
          "identity_schema_version": 0,
          "private": "eyJlMmJmYjczMC1lY2FhLTExZTYtOGY4OC0zNDM2M2JjN2M0YzAiOnsiY3JlYXRlIjoxMjAwMDAwMDAwMDAwLCJkZWxldGUiOjEyMDAwMDAwMDAwMDAsInVwZGF0ZSI6MTIwMDAwMDAwMDAwMH19",
          "dependencies": [
            "google_project_service.deploy_project_services",
            "google_sql_database_instance.session_db"
          ]
        }
      ]
    },
    {
      "mode": "managed",
      "type": "google_sql_database_instance",
      "name": "session_db",
      "provider": "provider[\"registry.terraform.io/hashicorp/google\"]",
      "instances": [
        {
          "index_key": "prod",
          "schema_version": 0,
          "attributes": {
            "available_maintenance_versions": [],
            "backupdr_backup": null,
            "clone": [],
            "connection_name": "work-mylab-machinelearning:us-central1:do-aiparser-db-prod",
            "database_version": "POSTGRES_15",
            "deletion_protection": false,
            "dns_name": "",
            "dns_names": [],
            "encryption_key_name": null,
            "final_backup_description": null,
            "first_ip_address": "136.114.47.25",
            "id": "do-aiparser-db-prod",
            "instance_type": "CLOUD_SQL_INSTANCE",
            "ip_address": [
              {
                "ip_address": "136.114.47.25",
                "time_to_retire": "",
                "type": "PRIMARY"
              },
              {
                "ip_address": "34.70.245.180",
                "time_to_retire": "",
                "type": "OUTGOING"
              }
            ],
            "maintenance_version": "POSTGRES_15_17.R20260319.00_11",
            "master_instance_name": "",
            "name": "do-aiparser-db-prod",
            "node_count": 0,
            "point_in_time_restore_context": [],
            "private_ip_address": "",
            "project": "work-mylab-machinelearning",
            "psc_service_attachment_link": "",
            "public_ip_address": "136.114.47.25",
            "region": "us-central1",
            "replica_configuration": [],
            "replica_names": [],
            "replication_cluster": [
              {
                "dr_replica": false,
                "failover_dr_replica_name": "",
                "psa_write_endpoint": ""
              }
            ],
            "restore_backup_context": [],
            "root_password": null,
            "root_password_wo": null,
            "root_password_wo_version": null,
            "self_link": "https://sqladmin.googleapis.com/sql/v1beta4/projects/work-mylab-machinelearning/instances/do-aiparser-db-prod",
            "server_ca_cert": [
              {
                "cert": "-----BEGIN CERTIFICATE-----\nMIIDcTCCAlmgAwIBAgIBADANBgkqhkiG9w0BAQsFADBwMS0wKwYDVQQuEyQ2OTlm\nNWI4Mi05NWQzLTQ3MmQtOGZjYS02MTkyNTQzZTA4YzQxHDAaBgNVBAMTE0Nsb3Vk\nIFNRTCBTZXJ2ZXIgQ0ExFDASBgNVBAoTC0dvb2dsZSwgSW5jMQswCQYDVQQGEwJV\nUzAeFw0yNjA1MDQwOTIxMjNaFw0zNjA1MDEwOTIyMjNaMHAxLTArBgNVBC4TJDY5\nOWY1YjgyLTk1ZDMtNDcyZC04ZmNhLTYxOTI1NDNlMDhjNDEcMBoGA1UEAxMTQ2xv\ndWQgU1FMIFNlcnZlciBDQTEUMBIGA1UEChMLR29vZ2xlLCBJbmMxCzAJBgNVBAYT\nAlVTMIIBIjANBgkqhkiG9w0BAQEFAAOCAQ8AMIIBCgKCAQEAkxC3VfxGSvjrBPpH\nj8a9yKSPL/3K/F+kkTxqBOdk230tWrru/JADYgEXIli+iRmvxIJWjBdc+AVQeOec\nbXoVYbdgp9R9cFn8XrgEq0yFcTSimDEpP9wT9m1wRvLm+Z1FyijiBcwInzWVug6R\nyOrQYyIGfrXw9OaBxLD1J7R1v81iixoBi3byAPwKlH5n+HkffxbXJ2gtyURlbbG3\nJ4Yc0U5a4fyle0pwg9+fMW/vJ+JPyW7XMLkCgJGJ/e3F3o20UAU8mzUEzEGPCryU\ndjmOsG3Vx6RYC2/WP7w/W1FTZCeQ6POw/nl6jtzy4+TBpmLqOouFjbBkpQ/CVIb3\n0GGQ2QIDAQABoxYwFDASBgNVHRMBAf8ECDAGAQH/AgEAMA0GCSqGSIb3DQEBCwUA\nA4IBAQBkWmxJLiL85Hl/1guq9HUirhSGt8DaGTdZ/zTEUml+JHHyUfQy7qGt8LTH\ndEdUlE6viE2y7CgTD/VaHDDoCAynlYutqeuz3EpxN2ZVnsZGj/pVDqfzair3IpKt\nsQ7Zj0fZO3kiyq90OGNXQ4aJPefHunKOKndcp7tWcV/jAcOkJGz5ysKPNFqjVcfy\nGSEnhiy7xSArGzIC5QqJ/SBHem6Qy/RQqMa5BCrTp+oqO2iZSso9EQZHVZnO3iie\n61WrhBe/TFyPaX0x423G/qBWg7kYHRN2sK/egaTN9IdK68/exDftBdRsgCdprvpE\nplLNspmnE9GgYdfJZPxBYlLTmwld\n-----END CERTIFICATE-----",
                "common_name": "C=US,O=Google\\, Inc,CN=Cloud SQL Server CA,dnQualifier=699f5b82-95d3-472d-8fca-6192543e08c4",
                "create_time": "2026-05-04T09:21:23.203Z",
                "expiration_time": "2036-05-01T09:22:23.203Z",
                "sha1_fingerprint": "2b9046bdd7745d104688f7c1ac237378dc0aba10"
              }
            ],
            "service_account_email_address": "p388889235558-6mqryc@gcp-sa-cloud-sql.iam.gserviceaccount.com",
            "settings": [
              {
                "activation_policy": "ALWAYS",
                "active_directory_config": [],
                "advanced_machine_features": [],
                "availability_type": "ZONAL",
                "backup_configuration": [
                  {
                    "backup_retention_settings": [
                      {
                        "retained_backups": 7,
                        "retention_unit": "COUNT"
                      }
                    ],
                    "binary_log_enabled": false,
                    "enabled": true,
                    "location": "",
                    "point_in_time_recovery_enabled": false,
                    "start_time": "03:00",
                    "transaction_log_retention_days": 7
                  }
                ],
                "collation": "",
                "connection_pool_config": [],
                "connector_enforcement": "NOT_REQUIRED",
                "data_cache_config": [
                  {
                    "data_cache_enabled": false
                  }
                ],
                "database_flags": [
                  {
                    "name": "cloudsql.iam_authentication",
                    "value": "on"
                  }
                ],
                "deletion_protection_enabled": false,
                "deny_maintenance_period": [],
                "disk_autoresize": true,
                "disk_autoresize_limit": 0,
                "disk_size": 10,
                "disk_type": "PD_SSD",
                "edition": "ENTERPRISE",
                "effective_availability_type": "ZONAL",
                "enable_dataplex_integration": false,
                "enable_google_ml_integration": false,
                "final_backup_config": [],
                "insights_config": [],
                "ip_configuration": [
                  {
                    "allocated_ip_range": "",
                    "authorized_networks": [],
                    "custom_subject_alternative_names": [],
                    "enable_private_path_for_google_cloud_services": false,
                    "ipv4_enabled": true,
                    "private_network": "",
                    "psc_config": [],
                    "server_ca_mode": "GOOGLE_MANAGED_INTERNAL_CA",
                    "server_ca_pool": "",
                    "ssl_mode": "ALLOW_UNENCRYPTED_AND_ENCRYPTED"
                  }
                ],
                "location_preference": [
                  {
                    "follow_gae_application": "",
                    "secondary_zone": "",
                    "zone": "us-central1-b"
                  }
                ],
                "maintenance_window": [],
                "password_validation_policy": [],
                "pricing_plan": "PER_USE",
                "read_pool_auto_scale_config": [
                  {
                    "disable_scale_in": false,
                    "enabled": false,
                    "max_node_count": 0,
                    "min_node_count": 0,
                    "scale_in_cooldown_seconds": 0,
                    "scale_out_cooldown_seconds": 0,
                    "target_metrics": []
                  }
                ],
                "retain_backups_on_delete": false,
                "sql_server_audit_config": [],
                "tier": "db-custom-1-3840",
                "time_zone": "",
                "user_labels": {},
                "version": 1
              }
            ],
            "timeouts": null
          },
          "sensitive_attributes": [
            [
              {
                "type": "get_attr",
                "value": "root_password"
              }
            ],
            [
              {
                "type": "get_attr",
                "value": "server_ca_cert"
              }
            ]
          ],
          "identity_schema_version": 0,
          "private": "eyJlMmJmYjczMC1lY2FhLTExZTYtOGY4OC0zNDM2M2JjN2M0YzAiOnsiY3JlYXRlIjo1NDAwMDAwMDAwMDAwLCJkZWxldGUiOjU0MDAwMDAwMDAwMDAsInVwZGF0ZSI6NTQwMDAwMDAwMDAwMH19",
          "dependencies": [
            "google_project_service.deploy_project_services"
          ]
        },
        {
          "index_key": "staging",
          "schema_version": 0,
          "attributes": {
            "available_maintenance_versions": [],
            "backupdr_backup": null,
            "clone": [],
            "connection_name": "work-mylab-machinelearning:us-central1:do-aiparser-db-staging",
            "database_version": "POSTGRES_15",
            "deletion_protection": false,
            "dns_name": "",
            "dns_names": [],
            "encryption_key_name": null,
            "final_backup_description": null,
            "first_ip_address": "35.226.168.72",
            "id": "do-aiparser-db-staging",
            "instance_type": "CLOUD_SQL_INSTANCE",
            "ip_address": [
              {
                "ip_address": "35.226.168.72",
                "time_to_retire": "",
                "type": "PRIMARY"
              },
              {
                "ip_address": "35.225.212.235",
                "time_to_retire": "",
                "type": "OUTGOING"
              }
            ],
            "maintenance_version": "POSTGRES_15_17.R20260319.00_11",
            "master_instance_name": "",
            "name": "do-aiparser-db-staging",
            "node_count": 0,
            "point_in_time_restore_context": [],
            "private_ip_address": "",
            "project": "work-mylab-machinelearning",
            "psc_service_attachment_link": "",
            "public_ip_address": "35.226.168.72",
            "region": "us-central1",
            "replica_configuration": [],
            "replica_names": [],
            "replication_cluster": [
              {
                "dr_replica": false,
                "failover_dr_replica_name": "",
                "psa_write_endpoint": ""
              }
            ],
            "restore_backup_context": [],
            "root_password": null,
            "root_password_wo": null,
            "root_password_wo_version": null,
            "self_link": "https://sqladmin.googleapis.com/sql/v1beta4/projects/work-mylab-machinelearning/instances/do-aiparser-db-staging",
            "server_ca_cert": [
              {
                "cert": "-----BEGIN CERTIFICATE-----\nMIIDcTCCAlmgAwIBAgIBADANBgkqhkiG9w0BAQsFADBwMS0wKwYDVQQuEyQwYjU0\nZmJiZi03ODNiLTQ3ZDItODA3My00NGQyZWNlZmViMGYxHDAaBgNVBAMTE0Nsb3Vk\nIFNRTCBTZXJ2ZXIgQ0ExFDASBgNVBAoTC0dvb2dsZSwgSW5jMQswCQYDVQQGEwJV\nUzAeFw0yNjA1MDQwOTIxMjhaFw0zNjA1MDEwOTIyMjhaMHAxLTArBgNVBC4TJDBi\nNTRmYmJmLTc4M2ItNDdkMi04MDczLTQ0ZDJlY2VmZWIwZjEcMBoGA1UEAxMTQ2xv\ndWQgU1FMIFNlcnZlciBDQTEUMBIGA1UEChMLR29vZ2xlLCBJbmMxCzAJBgNVBAYT\nAlVTMIIBIjANBgkqhkiG9w0BAQEFAAOCAQ8AMIIBCgKCAQEArfvnPpa4F6Epr8PD\nxbcitTfb/3oHDrtwPhzHBqSXixJ3/KJHiQpPHEw+oLEnezeCLeaF/1tS3dAxNveS\na6i0igL8Oht11h2mkNEVKJo5ZfGqR/cwJQ8y2GOq4lNmZORU2fnCf8ZsjMIzhiaj\nVConyvRA6fNTghG9dm3HTgo0PIXEy1fxshV5eCF58hDwAssBwftS/jsmtslH3UuU\nTQp2uYIzF3wfQTnIC22JIFxKqjeTM3dF4k4GKlbXieZaPnitttMmi5nV/rirv/Mu\nZplSE5bvszVaP8sBHBg7w4zE1XDu2QyHVbgdAlj3FNKKVWTgHw7U6S9v36t2T8bv\nUQb1tQIDAQABoxYwFDASBgNVHRMBAf8ECDAGAQH/AgEAMA0GCSqGSIb3DQEBCwUA\nA4IBAQCN3PiPRZF9ghsVSO+DnDmYqxNEqFWSZE0P5ZOPcmFQngSY9jIWopURMLzK\njl74wofFMgFC6e59ASFQe8QMPeiNLdlSe5F2mmRp3I03EF7tXTO0hmJuC0JM7gNu\n3HML1Th49DAi8WeGWL9iVebaTuv3wmRPiXJypi6dAAMDcOOlDpTla2MddLI/+s4a\nqqWTSidTMITPCrKEOcoFJRo6jL/HXPK3xawgv6Hdn42Qd17jXQE6O16f856wxdWh\nmiIGKTwUHA8FxJQiLoMvCQCIog34K0nKd2khm+gZ3euR4fyzjPFsIiUul5ndrun7\nTKAXEZK2AjNhF+qtE9VldyOHPu+X\n-----END CERTIFICATE-----",
                "common_name": "C=US,O=Google\\, Inc,CN=Cloud SQL Server CA,dnQualifier=0b54fbbf-783b-47d2-8073-44d2ecefeb0f",
                "create_time": "2026-05-04T09:21:28.741Z",
                "expiration_time": "2036-05-01T09:22:28.741Z",
                "sha1_fingerprint": "a0e0c6c4abf28c6d6c6294f6485cef5774677953"
              }
            ],
            "service_account_email_address": "p388889235558-ulpljg@gcp-sa-cloud-sql.iam.gserviceaccount.com",
            "settings": [
              {
                "activation_policy": "ALWAYS",
                "active_directory_config": [],
                "advanced_machine_features": [],
                "availability_type": "ZONAL",
                "backup_configuration": [
                  {
                    "backup_retention_settings": [
                      {
                        "retained_backups": 7,
                        "retention_unit": "COUNT"
                      }
                    ],
                    "binary_log_enabled": false,
                    "enabled": true,
                    "location": "",
                    "point_in_time_recovery_enabled": false,
                    "start_time": "03:00",
                    "transaction_log_retention_days": 7
                  }
                ],
                "collation": "",
                "connection_pool_config": [],
                "connector_enforcement": "NOT_REQUIRED",
                "data_cache_config": [
                  {
                    "data_cache_enabled": false
                  }
                ],
                "database_flags": [
                  {
                    "name": "cloudsql.iam_authentication",
                    "value": "on"
                  }
                ],
                "deletion_protection_enabled": false,
                "deny_maintenance_period": [],
                "disk_autoresize": true,
                "disk_autoresize_limit": 0,
                "disk_size": 10,
                "disk_type": "PD_SSD",
                "edition": "ENTERPRISE",
                "effective_availability_type": "ZONAL",
                "enable_dataplex_integration": false,
                "enable_google_ml_integration": false,
                "final_backup_config": [],
                "insights_config": [],
                "ip_configuration": [
                  {
                    "allocated_ip_range": "",
                    "authorized_networks": [],
                    "custom_subject_alternative_names": [],
                    "enable_private_path_for_google_cloud_services": false,
                    "ipv4_enabled": true,
                    "private_network": "",
                    "psc_config": [],
                    "server_ca_mode": "GOOGLE_MANAGED_INTERNAL_CA",
                    "server_ca_pool": "",
                    "ssl_mode": "ALLOW_UNENCRYPTED_AND_ENCRYPTED"
                  }
                ],
                "location_preference": [
                  {
                    "follow_gae_application": "",
                    "secondary_zone": "",
                    "zone": "us-central1-b"
                  }
                ],
                "maintenance_window": [],
                "password_validation_policy": [],
                "pricing_plan": "PER_USE",
                "read_pool_auto_scale_config": [
                  {
                    "disable_scale_in": false,
                    "enabled": false,
                    "max_node_count": 0,
                    "min_node_count": 0,
                    "scale_in_cooldown_seconds": 0,
                    "scale_out_cooldown_seconds": 0,
                    "target_metrics": []
                  }
                ],
                "retain_backups_on_delete": false,
                "sql_server_audit_config": [],
                "tier": "db-custom-1-3840",
                "time_zone": "",
                "user_labels": {},
                "version": 1
              }
            ],
            "timeouts": null
          },
          "sensitive_attributes": [
            [
              {
                "type": "get_attr",
                "value": "root_password"
              }
            ],
            [
              {
                "type": "get_attr",
                "value": "server_ca_cert"
              }
            ]
          ],
          "identity_schema_version": 0,
          "private": "eyJlMmJmYjczMC1lY2FhLTExZTYtOGY4OC0zNDM2M2JjN2M0YzAiOnsiY3JlYXRlIjo1NDAwMDAwMDAwMDAwLCJkZWxldGUiOjU0MDAwMDAwMDAwMDAsInVwZGF0ZSI6NTQwMDAwMDAwMDAwMH19",
          "dependencies": [
            "google_project_service.deploy_project_services"
          ]
        }
      ]
    },
    {
      "mode": "managed",
      "type": "google_sql_user",
      "name": "db_user",
      "provider": "provider[\"registry.terraform.io/hashicorp/google\"]",
      "instances": [
        {
          "index_key": "prod",
          "schema_version": 1,
          "attributes": {
            "deletion_policy": null,
            "host": "",
            "id": "do-aiparser//do-aiparser-db-prod",
            "instance": "do-aiparser-db-prod",
            "name": "do-aiparser",
            "password": "[IITk$#DgmZXOoDK",
            "password_policy": [],
            "password_wo": null,
            "password_wo_version": null,
            "project": "work-mylab-machinelearning",
            "sql_server_user_details": [],
            "timeouts": null,
            "type": ""
          },
          "sensitive_attributes": [
            [
              {
                "type": "get_attr",
                "value": "password"
              }
            ]
          ],
          "identity_schema_version": 0,
          "private": "eyJlMmJmYjczMC1lY2FhLTExZTYtOGY4OC0zNDM2M2JjN2M0YzAiOnsiY3JlYXRlIjo2MDAwMDAwMDAwMDAsImRlbGV0ZSI6NjAwMDAwMDAwMDAwLCJ1cGRhdGUiOjYwMDAwMDAwMDAwMH0sInNjaGVtYV92ZXJzaW9uIjoiMSJ9",
          "dependencies": [
            "google_project_service.deploy_project_services",
            "google_sql_database_instance.session_db",
            "random_password.db_password"
          ]
        },
        {
          "index_key": "staging",
          "schema_version": 1,
          "attributes": {
            "deletion_policy": null,
            "host": "",
            "id": "do-aiparser//do-aiparser-db-staging",
            "instance": "do-aiparser-db-staging",
            "name": "do-aiparser",
            "password": "\u003eDawFdu\u003eLib:8a#v",
            "password_policy": [],
            "password_wo": null,
            "password_wo_version": null,
            "project": "work-mylab-machinelearning",
            "sql_server_user_details": [],
            "timeouts": null,
            "type": ""
          },
          "sensitive_attributes": [
            [
              {
                "type": "get_attr",
                "value": "password"
              }
            ]
          ],
          "identity_schema_version": 0,
          "private": "eyJlMmJmYjczMC1lY2FhLTExZTYtOGY4OC0zNDM2M2JjN2M0YzAiOnsiY3JlYXRlIjo2MDAwMDAwMDAwMDAsImRlbGV0ZSI6NjAwMDAwMDAwMDAwLCJ1cGRhdGUiOjYwMDAwMDAwMDAwMH0sInNjaGVtYV92ZXJzaW9uIjoiMSJ9",
          "dependencies": [
            "google_project_service.deploy_project_services",
            "google_sql_database_instance.session_db",
            "random_password.db_password"
          ]
        }
      ]
    },
    {
      "mode": "managed",
      "type": "google_storage_bucket",
      "name": "logs_data_bucket",
      "provider": "provider[\"registry.terraform.io/hashicorp/google\"]",
      "instances": [
        {
          "index_key": "work-mylab-machinelearning",
          "schema_version": 4,
          "attributes": {
            "autoclass": [],
            "cors": [],
            "custom_placement_config": [],
            "default_event_based_hold": false,
            "effective_labels": {
              "goog-terraform-provisioned": "true"
            },
            "enable_object_retention": false,
            "encryption": [],
            "force_destroy": true,
            "hierarchical_namespace": [
              {
                "enabled": false
              }
            ],
            "id": "work-mylab-machinelearning-do-aiparser-logs",
            "ip_filter": [],
            "labels": {},
            "lifecycle_rule": [],
            "location": "US-CENTRAL1",
            "logging": [],
            "name": "work-mylab-machinelearning-do-aiparser-logs",
            "project": "work-mylab-machinelearning",
            "project_number": 388889235558,
            "public_access_prevention": "inherited",
            "requester_pays": false,
            "retention_policy": [],
            "rpo": null,
            "self_link": "https://www.googleapis.com/storage/v1/b/work-mylab-machinelearning-do-aiparser-logs",
            "soft_delete_policy": [
              {
                "effective_time": "2026-05-04T09:21:49.167Z",
                "retention_duration_seconds": 604800
              }
            ],
            "storage_class": "STANDARD",
            "terraform_labels": {
              "goog-terraform-provisioned": "true"
            },
            "time_created": "2026-05-04T09:21:49.167Z",
            "timeouts": null,
            "uniform_bucket_level_access": true,
            "updated": "2026-05-04T09:25:32.431Z",
            "url": "gs://work-mylab-machinelearning-do-aiparser-logs",
            "versioning": [],
            "website": []
          },
          "sensitive_attributes": [],
          "identity_schema_version": 0,
          "private": "eyJlMmJmYjczMC1lY2FhLTExZTYtOGY4OC0zNDM2M2JjN2M0YzAiOnsiY3JlYXRlIjo2MDAwMDAwMDAwMDAsInJlYWQiOjI0MDAwMDAwMDAwMCwidXBkYXRlIjoyNDAwMDAwMDAwMDB9LCJzY2hlbWFfdmVyc2lvbiI6IjQifQ==",
          "dependencies": [
            "google_project_service.cicd_services",
            "google_project_service.deploy_project_services"
          ]
        }
      ]
    },
    {
      "mode": "managed",
      "type": "google_storage_bucket_iam_member",
      "name": "telemetry_connection_access",
      "provider": "provider[\"registry.terraform.io/hashicorp/google\"]",
      "instances": [
        {
          "index_key": "prod",
          "schema_version": 0,
          "attributes": {
            "bucket": "b/work-mylab-machinelearning-do-aiparser-logs",
            "condition": [],
            "etag": "CAM=",
            "id": "b/work-mylab-machinelearning-do-aiparser-logs/roles/storage.objectViewer/serviceAccount:bqcx-388889235558-ax59@gcp-sa-bigquery-condel.iam.gserviceaccount.com",
            "member": "serviceAccount:bqcx-388889235558-ax59@gcp-sa-bigquery-condel.iam.gserviceaccount.com",
            "role": "roles/storage.objectViewer",
            "timeouts": null
          },
          "sensitive_attributes": [],
          "identity_schema_version": 0,
          "private": "eyJlMmJmYjczMC1lY2FhLTExZTYtOGY4OC0zNDM2M2JjN2M0YzAiOnsiY3JlYXRlIjoxMjAwMDAwMDAwMDAwfX0=",
          "dependencies": [
            "google_bigquery_connection.genai_telemetry_connection",
            "google_project_service.cicd_services",
            "google_project_service.deploy_project_services",
            "google_storage_bucket.logs_data_bucket",
            "time_sleep.wait_for_bq_connection_sa"
          ]
        },
        {
          "index_key": "staging",
          "schema_version": 0,
          "attributes": {
            "bucket": "b/work-mylab-machinelearning-do-aiparser-logs",
            "condition": [],
            "etag": "CAM=",
            "id": "b/work-mylab-machinelearning-do-aiparser-logs/roles/storage.objectViewer/serviceAccount:bqcx-388889235558-ax59@gcp-sa-bigquery-condel.iam.gserviceaccount.com",
            "member": "serviceAccount:bqcx-388889235558-ax59@gcp-sa-bigquery-condel.iam.gserviceaccount.com",
            "role": "roles/storage.objectViewer",
            "timeouts": null
          },
          "sensitive_attributes": [],
          "identity_schema_version": 0,
          "private": "eyJlMmJmYjczMC1lY2FhLTExZTYtOGY4OC0zNDM2M2JjN2M0YzAiOnsiY3JlYXRlIjoxMjAwMDAwMDAwMDAwfX0=",
          "dependencies": [
            "google_bigquery_connection.genai_telemetry_connection",
            "google_project_service.cicd_services",
            "google_project_service.deploy_project_services",
            "google_storage_bucket.logs_data_bucket",
            "time_sleep.wait_for_bq_connection_sa"
          ]
        }
      ]
    },
    {
      "mode": "managed",
      "type": "random_password",
      "name": "db_password",
      "provider": "provider[\"registry.terraform.io/hashicorp/random\"]",
      "instances": [
        {
          "index_key": "prod",
          "schema_version": 3,
          "attributes": {
            "bcrypt_hash": "$2a$10$pPYhM7zVnsFlilWh/2tl/es26jjIe2LGsF8rorjcjIcyMS678yUwW",
            "id": "none",
            "keepers": null,
            "length": 16,
            "lower": true,
            "min_lower": 0,
            "min_numeric": 0,
            "min_special": 0,
            "min_upper": 0,
            "number": true,
            "numeric": true,
            "override_special": "!#$%\u0026*()-_=+[]{}\u003c\u003e:?",
            "result": "[IITk$#DgmZXOoDK",
            "special": true,
            "upper": true
          },
          "sensitive_attributes": [
            [
              {
                "type": "get_attr",
                "value": "bcrypt_hash"
              }
            ],
            [
              {
                "type": "get_attr",
                "value": "result"
              }
            ]
          ],
          "identity_schema_version": 0
        },
        {
          "index_key": "staging",
          "schema_version": 3,
          "attributes": {
            "bcrypt_hash": "$2a$10$zYtTfjQuNdoP.p6W719mbue6IeAt1mNuZ6tmtL8kOolKqrOOaHqM6",
            "id": "none",
            "keepers": null,
            "length": 16,
            "lower": true,
            "min_lower": 0,
            "min_numeric": 0,
            "min_special": 0,
            "min_upper": 0,
            "number": true,
            "numeric": true,
            "override_special": "!#$%\u0026*()-_=+[]{}\u003c\u003e:?",
            "result": "\u003eDawFdu\u003eLib:8a#v",
            "special": true,
            "upper": true
          },
          "sensitive_attributes": [
            [
              {
                "type": "get_attr",
                "value": "bcrypt_hash"
              }
            ],
            [
              {
                "type": "get_attr",
                "value": "result"
              }
            ]
          ],
          "identity_schema_version": 0
        }
      ]
    },
    {
      "mode": "managed",
      "type": "time_sleep",
      "name": "wait_for_bq_connection_sa",
      "provider": "provider[\"registry.terraform.io/hashicorp/time\"]",
      "instances": [
        {
          "index_key": "prod",
          "schema_version": 0,
          "attributes": {
            "create_duration": "10s",
            "destroy_duration": null,
            "id": "2026-05-04T09:25:28Z",
            "triggers": null
          },
          "sensitive_attributes": [],
          "identity_schema_version": 0,
          "dependencies": [
            "google_bigquery_connection.genai_telemetry_connection",
            "google_project_service.cicd_services",
            "google_project_service.deploy_project_services"
          ]
        },
        {
          "index_key": "staging",
          "schema_version": 0,
          "attributes": {
            "create_duration": "10s",
            "destroy_duration": null,
            "id": "2026-05-04T09:25:27Z",
            "triggers": null
          },
          "sensitive_attributes": [],
          "identity_schema_version": 0,
          "dependencies": [
            "google_bigquery_connection.genai_telemetry_connection",
            "google_project_service.cicd_services",
            "google_project_service.deploy_project_services"
          ]
        }
      ]
    }
  ],
  "check_results": null
}
